// !$*UTF8*$!
{
	archiveVersion = 1;
	classes = {
	};
	objectVersion = 46;
	objects = {

/* Begin PBXAggregateTarget section */
		6E15B2AF94133B58BC23A48F /* Compressor-Advanced - All */ = {
			isa = PBXAggregateTarget;
			buildConfigurationList = DE2AA00D696CB13FDEB415C2;
			buildPhases = (
			);
			dependencies = (
				9982259E805635C4D7A3FC81,
				307E29A6DB2F7FA7EA176ED2,
				29E57FE8A3558775CE5D68E0,
				00BF17B9DD17CF3F47329A88,
			);
			name = "Compressor-Advanced - All";
			productName = "Compressor-Advanced";
		};
/* End PBXAggregateTarget section */

/* Begin PBXBuildFile section */
		0E87A10CA1986F3CE7CD1544 /* include_juce_audio_plugin_client_Standalone.cpp */ = {isa = PBXBuildFile; fileRef = 4ED3CEBA76B009185974CC1B; };
		147B450142F5172C81B77BD4 /* Carbon.framework */ = {isa = PBXBuildFile; fileRef = 49AC3BC8FF86934BE3AE6E45; };
		25CA1564B733D154A3BDA4E0 /* include_juce_audio_plugin_client_RTAS_4.cpp */ = {isa = PBXBuildFile; fileRef = 59570C1C618A345521D67465; };
		2625E83E017D5FCD56EAEF1D /* include_juce_audio_devices.mm */ = {isa = PBXBuildFile; fileRef = D9D429A153797BD7051EC6F8; };
		285B73CEAEAE1EA38E3A46F4 /* Standalone Plugin */ = {isa = PBXBuildFile; fileRef = 017FB385324BA9D92F343ECC; };
		2BED367F2C770918FA778912 /* DialLAF.cpp */ = {isa = PBXBuildFile; fileRef = 3BAB14B9A4CCDA6653C11CA2; };
		2E46DA5E853FB21F62D2DD19 /* include_juce_events.mm */ = {isa = PBXBuildFile; fileRef = E746BF78544B9E7CB9A68C0C; };
		39B84A07E2E24D5123F5548B /* include_juce_data_structures.mm */ = {isa = PBXBuildFile; fileRef = E59C490BF810B4F4FE338CD7; };
		3B4EA9CE8074FC2B4309D861 /* AudioUnit.framework */ = {isa = PBXBuildFile; fileRef = E9A27B789504EC99B7D93E2D; };
		3C7CE4E17216A813844CE172 /* include_juce_audio_plugin_client_RTAS_utils.mm */ = {isa = PBXBuildFile; fileRef = 55EC2F4A43B53BDA8F936FA0; };
		3F24E5CAAD57B64B9FBEC866 /* include_juce_audio_plugin_client_utils.cpp */ = {isa = PBXBuildFile; fileRef = 4CA1FFF7187413278241880E; };
		404606BF26F0FBE2ED8E09A6 /* Parameters.cpp */ = {isa = PBXBuildFile; fileRef = 32855ABDF483FC5ED43E264F; };
		409972A3D3ABABC4436D07A8 /* PluginEditor.cpp */ = {isa = PBXBuildFile; fileRef = 61D91A601435C40EDBC4C345; };
		40CA3FF92D7567DD12D3C9A0 /* Accelerate.framework */ = {isa = PBXBuildFile; fileRef = C3AA9F8CFD98802AE79CD612; };
		4196E6CBA4056A36BBA05E1B /* include_juce_audio_formats.mm */ = {isa = PBXBuildFile; fileRef = 2D0168E453CD6BA2D0C26962; };
		4B5BD80099326A50D33B471C /* include_juce_audio_processors.mm */ = {isa = PBXBuildFile; fileRef = 82407327918D9157467184E7; };
		69DB1BA78C54F9EB0B810DF9 /* include_juce_audio_plugin_client_AU_1.mm */ = {isa = PBXBuildFile; fileRef = BEDE86A7F42407CED2B88CDB; };
		849B067801EFA210E159A773 /* Foundation.framework */ = {isa = PBXBuildFile; fileRef = 6353D80A0F3D253F2DA4B527; };
		8A5562BA354AB27400F6682C /* include_juce_audio_utils.mm */ = {isa = PBXBuildFile; fileRef = 0481BC23CF9BD8425F9DA500; };
		8C9210228C15DC7A67B0257D /* include_juce_audio_plugin_client_AU_2.mm */ = {isa = PBXBuildFile; fileRef = 9D8571A4B841874762415DCB; };
		947A8B9A0D9C6363AD5659FA /* include_juce_audio_plugin_client_VST3.cpp */ = {isa = PBXBuildFile; fileRef = E26187D45B00E87B019EFE88; };
		9B5F53BB5069947373FADA94 /* CoreAudioKit.framework */ = {isa = PBXBuildFile; fileRef = 1BDD3D792B4B5DD47123DA84; };
		A5BD803799B88708A07AB630 /* CoreAudio.framework */ = {isa = PBXBuildFile; fileRef = A3BC301072AE8EBF2C9BF1A0; };
		B066292814EF4B9427202D64 /* Cocoa.framework */ = {isa = PBXBuildFile; fileRef = F0484342B45C9F5851BFC72D; };
		B0A93CA4C0A7F4A25F0571C9 /* include_juce_audio_plugin_client_RTAS_3.cpp */ = {isa = PBXBuildFile; fileRef = E75F09D09A37FF92FF52B338; };
		B3D77592EB22FDA5F5027548 /* WebKit.framework */ = {isa = PBXBuildFile; fileRef = C51656620A08B67505B54422; };
		B92D9D20D8176965FCEA51EF /* VST3 */ = {isa = PBXBuildFile; fileRef = 39C2A4C850F032883FC2482C; };
		B99A316C181A86EA0D091AE9 /* include_juce_audio_basics.mm */ = {isa = PBXBuildFile; fileRef = 67C2766C425ABFFF10D201DF; };
		BC97E722C324B9C0C7CF1C59 /* GroupProps.cpp */ = {isa = PBXBuildFile; fileRef = 87D2C66C8435405F36504D6D; };
		BF1B99D055EEB1881F41A758 /* AudioToolbox.framework */ = {isa = PBXBuildFile; fileRef = B99449AFD73BD9D7C534DE0D; };
		BF26E3F4BDCE02B18970F900 /* AU */ = {isa = PBXBuildFile; fileRef = BDA640DA85F3AA95BC455644; };
		BFF74034D0A04287CF4D76DC /* LabelProps.cpp */ = {isa = PBXBuildFile; fileRef = 922695CEA7957FBDEC010C92; };
		C396AD0A519811F11283871B /* include_juce_audio_plugin_client_AU.r */ = {isa = PBXBuildFile; fileRef = A0DCD1ED73BA94105EA0DC94; };
		C59D5F6CF46E8208CFF37601 /* QuartzCore.framework */ = {isa = PBXBuildFile; fileRef = 48B5F28011B6512BAE04F26D; };
		C7C4ED18DC4A16B683BF7C4A /* include_juce_audio_plugin_client_RTAS_1.cpp */ = {isa = PBXBuildFile; fileRef = 38DEBAED52344D2AC6F2E702; };
		CE00FA8C0D4768CB9F5AD006 /* include_juce_gui_basics.mm */ = {isa = PBXBuildFile; fileRef = 5E9219FA5B211BCB2DFCC53B; };
		D05459083EC6BA10E5C1CC32 /* include_juce_gui_extra.mm */ = {isa = PBXBuildFile; fileRef = C5B06D176D855B1AF00A6A5E; };
		D28D9BF74FF29525293A7438 /* DiscRecording.framework */ = {isa = PBXBuildFile; fileRef = D2556AD2013A6150ACE14267; };
		D4E67978B59B023B87041DB1 /* include_juce_dsp.mm */ = {isa = PBXBuildFile; fileRef = 069E89C0934B310DCD869B39; };
		D83E2D8176479E910C25B888 /* include_juce_audio_plugin_client_VST_utils.mm */ = {isa = PBXBuildFile; fileRef = D1D312CCCBBE1812B066A136; };
		DC813A6EF677759CD4874F8C /* include_juce_core.mm */ = {isa = PBXBuildFile; fileRef = 0A97B75E38751F20BDD54062; };
		E11F2A2C810AEC3ACEB31B16 /* Shared Code */ = {isa = PBXBuildFile; fileRef = 4B99177AEA49F3C78F55F715; };
		E4B565A5304662784253A530 /* include_juce_graphics.mm */ = {isa = PBXBuildFile; fileRef = E5A7BB498FA7E0A14D4A666F; };
		F05A9BDF341DA9DB39C0D167 /* PluginProcessor.cpp */ = {isa = PBXBuildFile; fileRef = AAE8D35ADC09036B549E88AD; };
		F23AD18CDD12A10FDCAA6482 /* SliderProps.cpp */ = {isa = PBXBuildFile; fileRef = 2C10DA7623D4E6BEB4F7F7AD; };
		F4829BB1998E5EE8A64F4CE1 /* include_juce_audio_plugin_client_RTAS_2.cpp */ = {isa = PBXBuildFile; fileRef = 86EC28118CE6B28F94D001E0; };
		FA0C316C2A4B90D8A675E438 /* RecentFilesMenuTemplate.nib */ = {isa = PBXBuildFile; fileRef = E706CDC751FBB7E9456ECBD7; };
		FA3340A0630BCDC5116113EE /* IOKit.framework */ = {isa = PBXBuildFile; fileRef = 972235A7DB4F67AF7E82F999; };
		FB2F608C8815B3D66BD4970C /* CoreMIDI.framework */ = {isa = PBXBuildFile; fileRef = 4B6F0510C2238D8D2BA2978B; };
/* End PBXBuildFile section */

/* Begin PBXFileReference section */
		017FB385324BA9D92F343ECC /* Standalone Plugin */ = {isa = PBXFileReference; explicitFileType = wrapper.application; includeInIndex = 0; path = "Compressor-Advanced.app"; sourceTree = BUILT_PRODUCTS_DIR; };
		029855B215E7C893A2E543F5 /* Info-VST3.plist */ /* Info-VST3.plist */ = {isa = PBXFileReference; lastKnownFileType = text.plist.xml; name = "Info-VST3.plist"; path = "Info-VST3.plist"; sourceTree = SOURCE_ROOT; };
		0481BC23CF9BD8425F9DA500 /* include_juce_audio_utils.mm */ /* include_juce_audio_utils.mm */ = {isa = PBXFileReference; lastKnownFileType = sourcecode.cpp.objcpp; name = include_juce_audio_utils.mm; path = ../../JuceLibraryCode/include_juce_audio_utils.mm; sourceTree = SOURCE_ROOT; };
		069E89C0934B310DCD869B39 /* include_juce_dsp.mm */ /* include_juce_dsp.mm */ = {isa = PBXFileReference; lastKnownFileType = sourcecode.cpp.objcpp; name = include_juce_dsp.mm; path = ../../JuceLibraryCode/include_juce_dsp.mm; sourceTree = SOURCE_ROOT; };
		0A97B75E38751F20BDD54062 /* include_juce_core.mm */ /* include_juce_core.mm */ = {isa = PBXFileReference; lastKnownFileType = sourcecode.cpp.objcpp; name = include_juce_core.mm; path = ../../JuceLibraryCode/include_juce_core.mm; sourceTree = SOURCE_ROOT; };
		0E25D3CC5FA4B66D7E902E41 /* juce_gui_basics */ /* juce_gui_basics */ = {isa = PBXFileReference; lastKnownFileType = folder; name = juce_gui_basics; path = /Users/land00m/Documents/GitHub/JUCE/modules/juce_gui_basics; sourceTree = "<absolute>"; };
		1848009458E436F8FBB510D2 /* juce_audio_devices */ /* juce_audio_devices */ = {isa = PBXFileReference; lastKnownFileType = folder; name = juce_audio_devices; path = /Users/land00m/Documents/GitHub/JUCE/modules/juce_audio_devices; sourceTree = "<absolute>"; };
		1BDD3D792B4B5DD47123DA84 /* CoreAudioKit.framework */ /* CoreAudioKit.framework */ = {isa = PBXFileReference; lastKnownFileType = wrapper.framework; name = CoreAudioKit.framework; path = System/Library/Frameworks/CoreAudioKit.framework; sourceTree = SDKROOT; };
		1E4F9BF792FBE8178C529948 /* Parameters.h */ /* Parameters.h */ = {isa = PBXFileReference; lastKnownFileType = sourcecode.c.h; name = Parameters.h; path = ../../Source/Parameters/Parameters.h; sourceTree = SOURCE_ROOT; };
		2B2DA6AC59C1AEB8F87E1F71 /* juce_core */ /* juce_core */ = {isa = PBXFileReference; lastKnownFileType = folder; name = juce_core; path = /Users/land00m/Documents/GitHub/JUCE/modules/juce_core; sourceTree = "<absolute>"; };
		2C10DA7623D4E6BEB4F7F7AD /* SliderProps.cpp */ /* SliderProps.cpp */ = {isa = PBXFileReference; lastKnownFileType = sourcecode.cpp.cpp; name = SliderProps.cpp; path = ../../Source/GUI/Sliders/SliderProps.cpp; sourceTree = SOURCE_ROOT; };
		2D0168E453CD6BA2D0C26962 /* include_juce_audio_formats.mm */ /* include_juce_audio_formats.mm */ = {isa = PBXFileReference; lastKnownFileType = sourcecode.cpp.objcpp; name = include_juce_audio_formats.mm; path = ../../JuceLibraryCode/include_juce_audio_formats.mm; sourceTree = SOURCE_ROOT; };
		32855ABDF483FC5ED43E264F /* Parameters.cpp */ /* Parameters.cpp */ = {isa = PBXFileReference; lastKnownFileType = sourcecode.cpp.cpp; name = Parameters.cpp; path = ../../Source/Parameters/Parameters.cpp; sourceTree = SOURCE_ROOT; };
		388ED75457F3776D0D3A8202 /* juce_graphics */ /* juce_graphics */ = {isa = PBXFileReference; lastKnownFileType = folder; name = juce_graphics; path = /Users/land00m/Documents/GitHub/JUCE/modules/juce_graphics; sourceTree = "<absolute>"; };
		38DEBAED52344D2AC6F2E702 /* include_juce_audio_plugin_client_RTAS_1.cpp */ /* include_juce_audio_plugin_client_RTAS_1.cpp */ = {isa = PBXFileReference; lastKnownFileType = sourcecode.cpp.cpp; name = include_juce_audio_plugin_client_RTAS_1.cpp; path = ../../JuceLibraryCode/include_juce_audio_plugin_client_RTAS_1.cpp; sourceTree = SOURCE_ROOT; };
		39C2A4C850F032883FC2482C /* VST3 */ = {isa = PBXFileReference; explicitFileType = wrapper.cfbundle; includeInIndex = 0; path = "Compressor-Advanced.vst3"; sourceTree = BUILT_PRODUCTS_DIR; };
		3BAB14B9A4CCDA6653C11CA2 /* DialLAF.cpp */ /* DialLAF.cpp */ = {isa = PBXFileReference; lastKnownFileType = sourcecode.cpp.cpp; name = DialLAF.cpp; path = ../../Source/GUI/LookAndFeel/DialLAF.cpp; sourceTree = SOURCE_ROOT; };
		3E9D89FE6F9F7800A043C67D /* Info-AU.plist */ /* Info-AU.plist */ = {isa = PBXFileReference; lastKnownFileType = text.plist.xml; name = "Info-AU.plist"; path = "Info-AU.plist"; sourceTree = SOURCE_ROOT; };
		48B5F28011B6512BAE04F26D /* QuartzCore.framework */ /* QuartzCore.framework */ = {isa = PBXFileReference; lastKnownFileType = wrapper.framework; name = QuartzCore.framework; path = System/Library/Frameworks/QuartzCore.framework; sourceTree = SDKROOT; };
		49AC3BC8FF86934BE3AE6E45 /* Carbon.framework */ /* Carbon.framework */ = {isa = PBXFileReference; lastKnownFileType = wrapper.framework; name = Carbon.framework; path = System/Library/Frameworks/Carbon.framework; sourceTree = SDKROOT; };
		4B6F0510C2238D8D2BA2978B /* CoreMIDI.framework */ /* CoreMIDI.framework */ = {isa = PBXFileReference; lastKnownFileType = wrapper.framework; name = CoreMIDI.framework; path = System/Library/Frameworks/CoreMIDI.framework; sourceTree = SDKROOT; };
		4B99177AEA49F3C78F55F715 /* Shared Code */ = {isa = PBXFileReference; explicitFileType = archive.ar; includeInIndex = 0; path = "libCompressor-Advanced.a"; sourceTree = BUILT_PRODUCTS_DIR; };
		4CA1FFF7187413278241880E /* include_juce_audio_plugin_client_utils.cpp */ /* include_juce_audio_plugin_client_utils.cpp */ = {isa = PBXFileReference; lastKnownFileType = sourcecode.cpp.cpp; name = include_juce_audio_plugin_client_utils.cpp; path = ../../JuceLibraryCode/include_juce_audio_plugin_client_utils.cpp; sourceTree = SOURCE_ROOT; };
		4ED3CEBA76B009185974CC1B /* include_juce_audio_plugin_client_Standalone.cpp */ /* include_juce_audio_plugin_client_Standalone.cpp */ = {isa = PBXFileReference; lastKnownFileType = sourcecode.cpp.cpp; name = include_juce_audio_plugin_client_Standalone.cpp; path = ../../JuceLibraryCode/include_juce_audio_plugin_client_Standalone.cpp; sourceTree = SOURCE_ROOT; };
		55EC2F4A43B53BDA8F936FA0 /* include_juce_audio_plugin_client_RTAS_utils.mm */ /* include_juce_audio_plugin_client_RTAS_utils.mm */ = {isa = PBXFileReference; lastKnownFileType = sourcecode.cpp.objcpp; name = include_juce_audio_plugin_client_RTAS_utils.mm; path = ../../JuceLibraryCode/include_juce_audio_plugin_client_RTAS_utils.mm; sourceTree = SOURCE_ROOT; };
		59570C1C618A345521D67465 /* include_juce_audio_plugin_client_RTAS_4.cpp */ /* include_juce_audio_plugin_client_RTAS_4.cpp */ = {isa = PBXFileReference; lastKnownFileType = sourcecode.cpp.cpp; name = include_juce_audio_plugin_client_RTAS_4.cpp; path = ../../JuceLibraryCode/include_juce_audio_plugin_client_RTAS_4.cpp; sourceTree = SOURCE_ROOT; };
		5A14CCE4F3475B265F889BC2 /* juce_events */ /* juce_events */ = {isa = PBXFileReference; lastKnownFileType = folder; name = juce_events; path = /Users/land00m/Documents/GitHub/JUCE/modules/juce_events; sourceTree = "<absolute>"; };
		5E9219FA5B211BCB2DFCC53B /* include_juce_gui_basics.mm */ /* include_juce_gui_basics.mm */ = {isa = PBXFileReference; lastKnownFileType = sourcecode.cpp.objcpp; name = include_juce_gui_basics.mm; path = ../../JuceLibraryCode/include_juce_gui_basics.mm; sourceTree = SOURCE_ROOT; };
		61D91A601435C40EDBC4C345 /* PluginEditor.cpp */ /* PluginEditor.cpp */ = {isa = PBXFileReference; lastKnownFileType = sourcecode.cpp.cpp; name = PluginEditor.cpp; path = ../../Source/PluginEditor.cpp; sourceTree = SOURCE_ROOT; };
		6353D80A0F3D253F2DA4B527 /* Foundation.framework */ /* Foundation.framework */ = {isa = PBXFileReference; lastKnownFileType = wrapper.framework; name = Foundation.framework; path = System/Library/Frameworks/Foundation.framework; sourceTree = SDKROOT; };
		67C2766C425ABFFF10D201DF /* include_juce_audio_basics.mm */ /* include_juce_audio_basics.mm */ = {isa = PBXFileReference; lastKnownFileType = sourcecode.cpp.objcpp; name = include_juce_audio_basics.mm; path = ../../JuceLibraryCode/include_juce_audio_basics.mm; sourceTree = SOURCE_ROOT; };
		814DCA5486716C8075D104B1 /* JuceHeader.h */ /* JuceHeader.h */ = {isa = PBXFileReference; lastKnownFileType = sourcecode.c.h; name = JuceHeader.h; path = ../../JuceLibraryCode/JuceHeader.h; sourceTree = SOURCE_ROOT; };
		82407327918D9157467184E7 /* include_juce_audio_processors.mm */ /* include_juce_audio_processors.mm */ = {isa = PBXFileReference; lastKnownFileType = sourcecode.cpp.objcpp; name = include_juce_audio_processors.mm; path = ../../JuceLibraryCode/include_juce_audio_processors.mm; sourceTree = SOURCE_ROOT; };
		84C3270781837C0EA6133252 /* DialLAF.h */ /* DialLAF.h */ = {isa = PBXFileReference; lastKnownFileType = sourcecode.c.h; name = DialLAF.h; path = ../../Source/GUI/LookAndFeel/DialLAF.h; sourceTree = SOURCE_ROOT; };
		86EC28118CE6B28F94D001E0 /* include_juce_audio_plugin_client_RTAS_2.cpp */ /* include_juce_audio_plugin_client_RTAS_2.cpp */ = {isa = PBXFileReference; lastKnownFileType = sourcecode.cpp.cpp; name = include_juce_audio_plugin_client_RTAS_2.cpp; path = ../../JuceLibraryCode/include_juce_audio_plugin_client_RTAS_2.cpp; sourceTree = SOURCE_ROOT; };
		87D2C66C8435405F36504D6D /* GroupProps.cpp */ /* GroupProps.cpp */ = {isa = PBXFileReference; lastKnownFileType = sourcecode.cpp.cpp; name = GroupProps.cpp; path = ../../Source/GUI/Groups/GroupProps.cpp; sourceTree = SOURCE_ROOT; };
		887AB561D4563B5611092467 /* juce_data_structures */ /* juce_data_structures */ = {isa = PBXFileReference; lastKnownFileType = folder; name = juce_data_structures; path = /Users/land00m/Documents/GitHub/JUCE/modules/juce_data_structures; sourceTree = "<absolute>"; };
		8DD50C7A53C83011DB59F573 /* JucePluginDefines.h */ /* JucePluginDefines.h */ = {isa = PBXFileReference; lastKnownFileType = sourcecode.c.h; name = JucePluginDefines.h; path = ../../JuceLibraryCode/JucePluginDefines.h; sourceTree = SOURCE_ROOT; };
		922695CEA7957FBDEC010C92 /* LabelProps.cpp */ /* LabelProps.cpp */ = {isa = PBXFileReference; lastKnownFileType = sourcecode.cpp.cpp; name = LabelProps.cpp; path = ../../Source/GUI/Labels/LabelProps.cpp; sourceTree = SOURCE_ROOT; };
		9479812693ED72AA0E3598DA /* juce_audio_basics */ /* juce_audio_basics */ = {isa = PBXFileReference; lastKnownFileType = folder; name = juce_audio_basics; path = /Users/land00m/Documents/GitHub/JUCE/modules/juce_audio_basics; sourceTree = "<absolute>"; };
		972235A7DB4F67AF7E82F999 /* IOKit.framework */ /* IOKit.framework */ = {isa = PBXFileReference; lastKnownFileType = wrapper.framework; name = IOKit.framework; path = System/Library/Frameworks/IOKit.framework; sourceTree = SDKROOT; };
		9754900E813E2F1C6F80636A /* juce_audio_processors */ /* juce_audio_processors */ = {isa = PBXFileReference; lastKnownFileType = folder; name = juce_audio_processors; path = /Users/land00m/Documents/GitHub/JUCE/modules/juce_audio_processors; sourceTree = "<absolute>"; };
		9D8571A4B841874762415DCB /* include_juce_audio_plugin_client_AU_2.mm */ /* include_juce_audio_plugin_client_AU_2.mm */ = {isa = PBXFileReference; lastKnownFileType = sourcecode.cpp.objcpp; name = include_juce_audio_plugin_client_AU_2.mm; path = ../../JuceLibraryCode/include_juce_audio_plugin_client_AU_2.mm; sourceTree = SOURCE_ROOT; };
		A0DCD1ED73BA94105EA0DC94 /* include_juce_audio_plugin_client_AU.r */ /* include_juce_audio_plugin_client_AU.r */ = {isa = PBXFileReference; lastKnownFileType = file.r; name = include_juce_audio_plugin_client_AU.r; path = ../../JuceLibraryCode/include_juce_audio_plugin_client_AU.r; sourceTree = SOURCE_ROOT; };
		A3BC301072AE8EBF2C9BF1A0 /* CoreAudio.framework */ /* CoreAudio.framework */ = {isa = PBXFileReference; lastKnownFileType = wrapper.framework; name = CoreAudio.framework; path = System/Library/Frameworks/CoreAudio.framework; sourceTree = SDKROOT; };
		AAE8D35ADC09036B549E88AD /* PluginProcessor.cpp */ /* PluginProcessor.cpp */ = {isa = PBXFileReference; lastKnownFileType = sourcecode.cpp.cpp; name = PluginProcessor.cpp; path = ../../Source/PluginProcessor.cpp; sourceTree = SOURCE_ROOT; };
		AAF51FB70CF90B20E4643777 /* PluginEditor.h */ /* PluginEditor.h */ = {isa = PBXFileReference; lastKnownFileType = sourcecode.c.h; name = PluginEditor.h; path = ../../Source/PluginEditor.h; sourceTree = SOURCE_ROOT; };
		AB5C7C1447979F021802F891 /* PluginProcessor.h */ /* PluginProcessor.h */ = {isa = PBXFileReference; lastKnownFileType = sourcecode.c.h; name = PluginProcessor.h; path = ../../Source/PluginProcessor.h; sourceTree = SOURCE_ROOT; };
		B8F17B03092E160A294FF79B /* juce_audio_plugin_client */ /* juce_audio_plugin_client */ = {isa = PBXFileReference; lastKnownFileType = folder; name = juce_audio_plugin_client; path = /Users/land00m/Documents/GitHub/JUCE/modules/juce_audio_plugin_client; sourceTree = "<absolute>"; };
		B99449AFD73BD9D7C534DE0D /* AudioToolbox.framework */ /* AudioToolbox.framework */ = {isa = PBXFileReference; lastKnownFileType = wrapper.framework; name = AudioToolbox.framework; path = System/Library/Frameworks/AudioToolbox.framework; sourceTree = SDKROOT; };
		B9E320CA53C63461AEA976ED /* juce_audio_formats */ /* juce_audio_formats */ = {isa = PBXFileReference; lastKnownFileType = folder; name = juce_audio_formats; path = /Users/land00m/Documents/GitHub/JUCE/modules/juce_audio_formats; sourceTree = "<absolute>"; };
		BDA640DA85F3AA95BC455644 /* AU */ = {isa = PBXFileReference; explicitFileType = wrapper.cfbundle; includeInIndex = 0; path = "Compressor-Advanced.component"; sourceTree = BUILT_PRODUCTS_DIR; };
		BEDE86A7F42407CED2B88CDB /* include_juce_audio_plugin_client_AU_1.mm */ /* include_juce_audio_plugin_client_AU_1.mm */ = {isa = PBXFileReference; lastKnownFileType = sourcecode.cpp.objcpp; name = include_juce_audio_plugin_client_AU_1.mm; path = ../../JuceLibraryCode/include_juce_audio_plugin_client_AU_1.mm; sourceTree = SOURCE_ROOT; };
		C3AA9F8CFD98802AE79CD612 /* Accelerate.framework */ /* Accelerate.framework */ = {isa = PBXFileReference; lastKnownFileType = wrapper.framework; name = Accelerate.framework; path = System/Library/Frameworks/Accelerate.framework; sourceTree = SDKROOT; };
		C51656620A08B67505B54422 /* WebKit.framework */ /* WebKit.framework */ = {isa = PBXFileReference; lastKnownFileType = wrapper.framework; name = WebKit.framework; path = System/Library/Frameworks/WebKit.framework; sourceTree = SDKROOT; };
		C5B06D176D855B1AF00A6A5E /* include_juce_gui_extra.mm */ /* include_juce_gui_extra.mm */ = {isa = PBXFileReference; lastKnownFileType = sourcecode.cpp.objcpp; name = include_juce_gui_extra.mm; path = ../../JuceLibraryCode/include_juce_gui_extra.mm; sourceTree = SOURCE_ROOT; };
		D1D312CCCBBE1812B066A136 /* include_juce_audio_plugin_client_VST_utils.mm */ /* include_juce_audio_plugin_client_VST_utils.mm */ = {isa = PBXFileReference; lastKnownFileType = sourcecode.cpp.objcpp; name = include_juce_audio_plugin_client_VST_utils.mm; path = ../../JuceLibraryCode/include_juce_audio_plugin_client_VST_utils.mm; sourceTree = SOURCE_ROOT; };
		D2556AD2013A6150ACE14267 /* DiscRecording.framework */ /* DiscRecording.framework */ = {isa = PBXFileReference; lastKnownFileType = wrapper.framework; name = DiscRecording.framework; path = System/Library/Frameworks/DiscRecording.framework; sourceTree = SDKROOT; };
		D9809467AE6AED2D6DA54B16 /* juce_gui_extra */ /* juce_gui_extra */ = {isa = PBXFileReference; lastKnownFileType = folder; name = juce_gui_extra; path = /Users/land00m/Documents/GitHub/JUCE/modules/juce_gui_extra; sourceTree = "<absolute>"; };
		D9D429A153797BD7051EC6F8 /* include_juce_audio_devices.mm */ /* include_juce_audio_devices.mm */ = {isa = PBXFileReference; lastKnownFileType = sourcecode.cpp.objcpp; name = include_juce_audio_devices.mm; path = ../../JuceLibraryCode/include_juce_audio_devices.mm; sourceTree = SOURCE_ROOT; };
		DF5B141243B2C0336B830B29 /* juce_audio_utils */ /* juce_audio_utils */ = {isa = PBXFileReference; lastKnownFileType = folder; name = juce_audio_utils; path = /Users/land00m/Documents/GitHub/JUCE/modules/juce_audio_utils; sourceTree = "<absolute>"; };
		E26187D45B00E87B019EFE88 /* include_juce_audio_plugin_client_VST3.cpp */ /* include_juce_audio_plugin_client_VST3.cpp */ = {isa = PBXFileReference; lastKnownFileType = sourcecode.cpp.cpp; name = include_juce_audio_plugin_client_VST3.cpp; path = ../../JuceLibraryCode/include_juce_audio_plugin_client_VST3.cpp; sourceTree = SOURCE_ROOT; };
		E36DA3C1A4081B8F3AB227BA /* Info-Standalone_Plugin.plist */ /* Info-Standalone_Plugin.plist */ = {isa = PBXFileReference; lastKnownFileType = text.plist.xml; name = "Info-Standalone_Plugin.plist"; path = "Info-Standalone_Plugin.plist"; sourceTree = SOURCE_ROOT; };
		E59C490BF810B4F4FE338CD7 /* include_juce_data_structures.mm */ /* include_juce_data_structures.mm */ = {isa = PBXFileReference; lastKnownFileType = sourcecode.cpp.objcpp; name = include_juce_data_structures.mm; path = ../../JuceLibraryCode/include_juce_data_structures.mm; sourceTree = SOURCE_ROOT; };
		E5A7BB498FA7E0A14D4A666F /* include_juce_graphics.mm */ /* include_juce_graphics.mm */ = {isa = PBXFileReference; lastKnownFileType = sourcecode.cpp.objcpp; name = include_juce_graphics.mm; path = ../../JuceLibraryCode/include_juce_graphics.mm; sourceTree = SOURCE_ROOT; };
		E706CDC751FBB7E9456ECBD7 /* RecentFilesMenuTemplate.nib */ /* RecentFilesMenuTemplate.nib */ = {isa = PBXFileReference; lastKnownFileType = file.nib; name = RecentFilesMenuTemplate.nib; path = RecentFilesMenuTemplate.nib; sourceTree = SOURCE_ROOT; };
		E746BF78544B9E7CB9A68C0C /* include_juce_events.mm */ /* include_juce_events.mm */ = {isa = PBXFileReference; lastKnownFileType = sourcecode.cpp.objcpp; name = include_juce_events.mm; path = ../../JuceLibraryCode/include_juce_events.mm; sourceTree = SOURCE_ROOT; };
		E75F09D09A37FF92FF52B338 /* include_juce_audio_plugin_client_RTAS_3.cpp */ /* include_juce_audio_plugin_client_RTAS_3.cpp */ = {isa = PBXFileReference; lastKnownFileType = sourcecode.cpp.cpp; name = include_juce_audio_plugin_client_RTAS_3.cpp; path = ../../JuceLibraryCode/include_juce_audio_plugin_client_RTAS_3.cpp; sourceTree = SOURCE_ROOT; };
		E9A27B789504EC99B7D93E2D /* AudioUnit.framework */ /* AudioUnit.framework */ = {isa = PBXFileReference; lastKnownFileType = wrapper.framework; name = AudioUnit.framework; path = System/Library/Frameworks/AudioUnit.framework; sourceTree = SDKROOT; };
		ED9A8E5328A98927D583D6E7 /* include_juce_audio_plugin_client_RTAS.r */ /* include_juce_audio_plugin_client_RTAS.r */ = {isa = PBXFileReference; lastKnownFileType = file.r; name = include_juce_audio_plugin_client_RTAS.r; path = ../../JuceLibraryCode/include_juce_audio_plugin_client_RTAS.r; sourceTree = SOURCE_ROOT; };
		EF18EF442CFA0F18CD2607CC /* juce_dsp */ /* juce_dsp */ = {isa = PBXFileReference; lastKnownFileType = folder; name = juce_dsp; path = /Users/land00m/Documents/GitHub/JUCE/modules/juce_dsp; sourceTree = "<absolute>"; };
		F0484342B45C9F5851BFC72D /* Cocoa.framework */ /* Cocoa.framework */ = {isa = PBXFileReference; lastKnownFileType = wrapper.framework; name = Cocoa.framework; path = System/Library/Frameworks/Cocoa.framework; sourceTree = SDKROOT; };
/* End PBXFileReference section */

/* Begin PBXFrameworksBuildPhase section */
		1C866C9E1DE44E574225E1B3 = {
			isa = PBXFrameworksBuildPhase;
			buildActionMask = 2147483647;
			files = (
				40CA3FF92D7567DD12D3C9A0,
				BF1B99D055EEB1881F41A758,
				147B450142F5172C81B77BD4,
				B066292814EF4B9427202D64,
				A5BD803799B88708A07AB630,
				9B5F53BB5069947373FADA94,
				FB2F608C8815B3D66BD4970C,
				D28D9BF74FF29525293A7438,
				849B067801EFA210E159A773,
				FA3340A0630BCDC5116113EE,
				C59D5F6CF46E8208CFF37601,
				B3D77592EB22FDA5F5027548,
			);
			runOnlyForDeploymentPostprocessing = 0;
		};
		612A18F39B535BD493A7C4D9 = {
			isa = PBXFrameworksBuildPhase;
			buildActionMask = 2147483647;
			files = (
				40CA3FF92D7567DD12D3C9A0,
				BF1B99D055EEB1881F41A758,
				147B450142F5172C81B77BD4,
				B066292814EF4B9427202D64,
				A5BD803799B88708A07AB630,
				9B5F53BB5069947373FADA94,
				FB2F608C8815B3D66BD4970C,
				D28D9BF74FF29525293A7438,
				849B067801EFA210E159A773,
				FA3340A0630BCDC5116113EE,
				C59D5F6CF46E8208CFF37601,
				B3D77592EB22FDA5F5027548,
			);
			runOnlyForDeploymentPostprocessing = 0;
		};
		C70136200EFE422FBB0FB239 = {
			isa = PBXFrameworksBuildPhase;
			buildActionMask = 2147483647;
			files = (
				3B4EA9CE8074FC2B4309D861,
				40CA3FF92D7567DD12D3C9A0,
				BF1B99D055EEB1881F41A758,
				147B450142F5172C81B77BD4,
				B066292814EF4B9427202D64,
				A5BD803799B88708A07AB630,
				9B5F53BB5069947373FADA94,
				FB2F608C8815B3D66BD4970C,
				D28D9BF74FF29525293A7438,
				849B067801EFA210E159A773,
				FA3340A0630BCDC5116113EE,
				C59D5F6CF46E8208CFF37601,
				B3D77592EB22FDA5F5027548,
			);
			runOnlyForDeploymentPostprocessing = 0;
		};
/* End PBXFrameworksBuildPhase section */

/* Begin PBXGroup section */
		1A1292A42E029608A906B0A1 /* Products */ = {
			isa = PBXGroup;
			children = (
				39C2A4C850F032883FC2482C,
				BDA640DA85F3AA95BC455644,
				017FB385324BA9D92F343ECC,
				4B99177AEA49F3C78F55F715,
			);
			name = Products;
			sourceTree = "<group>";
		};
		294D76A609A39156C258D274 /* Sliders */ = {
			isa = PBXGroup;
			children = (
				2C10DA7623D4E6BEB4F7F7AD,
			);
			name = Sliders;
			sourceTree = "<group>";
		};
		35668F4CA571311454582E57 /* JUCE Library Code */ = {
			isa = PBXGroup;
			children = (
				67C2766C425ABFFF10D201DF,
				D9D429A153797BD7051EC6F8,
				2D0168E453CD6BA2D0C26962,
				A0DCD1ED73BA94105EA0DC94,
				BEDE86A7F42407CED2B88CDB,
				9D8571A4B841874762415DCB,
				38DEBAED52344D2AC6F2E702,
				86EC28118CE6B28F94D001E0,
				E75F09D09A37FF92FF52B338,
				59570C1C618A345521D67465,
				55EC2F4A43B53BDA8F936FA0,
				4ED3CEBA76B009185974CC1B,
				4CA1FFF7187413278241880E,
				D1D312CCCBBE1812B066A136,
				E26187D45B00E87B019EFE88,
				82407327918D9157467184E7,
				0481BC23CF9BD8425F9DA500,
				0A97B75E38751F20BDD54062,
				E59C490BF810B4F4FE338CD7,
				069E89C0934B310DCD869B39,
				E746BF78544B9E7CB9A68C0C,
				E5A7BB498FA7E0A14D4A666F,
				5E9219FA5B211BCB2DFCC53B,
				C5B06D176D855B1AF00A6A5E,
				814DCA5486716C8075D104B1,
				8DD50C7A53C83011DB59F573,
			);
			name = "JUCE Library Code";
			sourceTree = "<group>";
		};
		372F75735A31F8E0E8342B93 /* LookAndFeel */ = {
			isa = PBXGroup;
			children = (
				3BAB14B9A4CCDA6653C11CA2,
				84C3270781837C0EA6133252,
			);
			name = LookAndFeel;
			sourceTree = "<group>";
		};
		381F2CAB8B973F8C65E91EC6 /* Labels */ = {
			isa = PBXGroup;
			children = (
				922695CEA7957FBDEC010C92,
			);
			name = Labels;
			sourceTree = "<group>";
		};
		48A62AC53CE256264BEB0C34 /* Frameworks */ = {
			isa = PBXGroup;
			children = (
				E9A27B789504EC99B7D93E2D,
				C3AA9F8CFD98802AE79CD612,
				B99449AFD73BD9D7C534DE0D,
				49AC3BC8FF86934BE3AE6E45,
				F0484342B45C9F5851BFC72D,
				A3BC301072AE8EBF2C9BF1A0,
				1BDD3D792B4B5DD47123DA84,
				4B6F0510C2238D8D2BA2978B,
				D2556AD2013A6150ACE14267,
				6353D80A0F3D253F2DA4B527,
				972235A7DB4F67AF7E82F999,
				48B5F28011B6512BAE04F26D,
				C51656620A08B67505B54422,
			);
			name = Frameworks;
			sourceTree = "<group>";
		};
		7E659D63A6229276A2DC1B92 /* Compressor-Advanced */ = {
			isa = PBXGroup;
			children = (
				8EC63E9F438D7B547AA54B81,
			);
			name = "Compressor-Advanced";
			sourceTree = "<group>";
		};
		84433B766894A685E7E87DD8 /* Resources */ = {
			isa = PBXGroup;
			children = (
				029855B215E7C893A2E543F5,
				3E9D89FE6F9F7800A043C67D,
				E36DA3C1A4081B8F3AB227BA,
				E706CDC751FBB7E9456ECBD7,
			);
			name = Resources;
			sourceTree = "<group>";
		};
		8EC63E9F438D7B547AA54B81 /* Source */ = {
			isa = PBXGroup;
			children = (
				CAE73A90E0DD93DAC5E90249,
				A1D64A4BE874DEF38F7BC6F8,
				AAE8D35ADC09036B549E88AD,
				AB5C7C1447979F021802F891,
				61D91A601435C40EDBC4C345,
				AAF51FB70CF90B20E4643777,
			);
			name = Source;
			sourceTree = "<group>";
		};
		96CF4D8BA218BF2855850C5F /* Source */ = {
			isa = PBXGroup;
			children = (
				7E659D63A6229276A2DC1B92,
				B23A1883B06C7A95D41807C3,
				35668F4CA571311454582E57,
				84433B766894A685E7E87DD8,
				48A62AC53CE256264BEB0C34,
				1A1292A42E029608A906B0A1,
			);
			name = Source;
			sourceTree = "<group>";
		};
		A1D64A4BE874DEF38F7BC6F8 /* GUI */ = {
			isa = PBXGroup;
			children = (
				ACE8A91AFB271C98A7D10F5B,
				381F2CAB8B973F8C65E91EC6,
				372F75735A31F8E0E8342B93,
				294D76A609A39156C258D274,
			);
			name = GUI;
			sourceTree = "<group>";
		};
		ACE8A91AFB271C98A7D10F5B /* Groups */ = {
			isa = PBXGroup;
			children = (
				87D2C66C8435405F36504D6D,
			);
			name = Groups;
			sourceTree = "<group>";
		};
		B23A1883B06C7A95D41807C3 /* JUCE Modules */ = {
			isa = PBXGroup;
			children = (
				9479812693ED72AA0E3598DA,
				1848009458E436F8FBB510D2,
				B9E320CA53C63461AEA976ED,
				B8F17B03092E160A294FF79B,
				9754900E813E2F1C6F80636A,
				DF5B141243B2C0336B830B29,
				2B2DA6AC59C1AEB8F87E1F71,
				887AB561D4563B5611092467,
				EF18EF442CFA0F18CD2607CC,
				5A14CCE4F3475B265F889BC2,
				388ED75457F3776D0D3A8202,
				0E25D3CC5FA4B66D7E902E41,
				D9809467AE6AED2D6DA54B16,
			);
			name = "JUCE Modules";
			sourceTree = "<group>";
		};
		CAE73A90E0DD93DAC5E90249 /* Parameters */ = {
			isa = PBXGroup;
			children = (
				32855ABDF483FC5ED43E264F,
				1E4F9BF792FBE8178C529948,
			);
			name = Parameters;
			sourceTree = "<group>";
		};
/* End PBXGroup section */

/* Begin PBXNativeTarget section */
		09F7CF1B5C101A3344D3D4BE /* Compressor-Advanced - VST3 */ = {
			isa = PBXNativeTarget;
			buildConfigurationList = 251AB599D73D91A6DCC5BD22;
			buildPhases = (
				26A6AD85DE0B9FC2EE2CCCC5,
				A4C673FCE7D3AAE5152A3AFB,
				612A18F39B535BD493A7C4D9,
			);
			buildRules = (
			);
			dependencies = (
				8AA1F01CF064B5590502653E,
			);
			name = "Compressor-Advanced - VST3";
			productName = "Compressor-Advanced";
			productReference = 39C2A4C850F032883FC2482C;
			productType = "com.apple.product-type.bundle";
		};
		319DB0BB0F5DEB945557C22C /* Compressor-Advanced - Standalone Plugin */ = {
			isa = PBXNativeTarget;
			buildConfigurationList = 3F3C52F1F29CDA54A6E958ED;
			buildPhases = (
				9BCB7360BD0FA0957F3D4612,
				81BD9E2251E1BC630E3EB5C8,
				1C866C9E1DE44E574225E1B3,
			);
			buildRules = (
			);
			dependencies = (
				9313AA4AAD6A11EA971E7443,
			);
			name = "Compressor-Advanced - Standalone Plugin";
			productName = "Compressor-Advanced";
			productReference = 017FB385324BA9D92F343ECC;
			productType = "com.apple.product-type.application";
		};
		78199E24E8C0BF6B4C8468EF /* Compressor-Advanced - Shared Code */ = {
			isa = PBXNativeTarget;
			buildConfigurationList = F19174D55C07AE0A6A9FEAC4;
			buildPhases = (
				4E38DE2102D37D2BC42A5B86,
			);
			buildRules = (
			);
			dependencies = (
			);
			name = "Compressor-Advanced - Shared Code";
			productName = "Compressor-Advanced";
			productReference = 4B99177AEA49F3C78F55F715;
			productType = "com.apple.product-type.library.static";
		};
		FA1B5BAD453F5D34B28FEE07 /* Compressor-Advanced - AU */ = {
			isa = PBXNativeTarget;
			buildConfigurationList = C689AF7B19E9832B94477AE1;
			buildPhases = (
				E5F20B5DD422926FC2A1A8FF,
				E3E2E52C3005269ACBF7A3C4,
				7F97576C279542426C17E468,
				C70136200EFE422FBB0FB239,
			);
			buildRules = (
			);
			dependencies = (
				8DB62BA35CCAB2652722562D,
			);
			name = "Compressor-Advanced - AU";
			productName = "Compressor-Advanced";
			productReference = BDA640DA85F3AA95BC455644;
			productType = "com.apple.product-type.bundle";
		};
/* End PBXNativeTarget section */

/* Begin PBXProject section */
		34E95F174F61E88DB79F16BC = {
			isa = PBXProject;
			attributes = {
				LastUpgradeCheck = 1340;
				ORGANIZATIONNAME = "Audio Plugin Coders Guild";
				TargetAttributes = {
					09F7CF1B5C101A3344D3D4BE = {
						SystemCapabilities = {
							com.apple.ApplicationGroups.iOS = {
								enabled = 0;
							};
							com.apple.HardenedRuntime = {
								enabled = 0;
							};
							com.apple.InAppPurchase = {
								enabled = 0;
							};
							com.apple.InterAppAudio = {
								enabled = 0;
							};
							com.apple.Push = {
								enabled = 0;
							};
							com.apple.Sandbox = {
								enabled = 0;
							};
						};
					};
					319DB0BB0F5DEB945557C22C = {
						SystemCapabilities = {
							com.apple.ApplicationGroups.iOS = {
								enabled = 0;
							};
							com.apple.HardenedRuntime = {
								enabled = 0;
							};
							com.apple.InAppPurchase = {
								enabled = 0;
							};
							com.apple.InterAppAudio = {
								enabled = 0;
							};
							com.apple.Push = {
								enabled = 0;
							};
							com.apple.Sandbox = {
								enabled = 0;
							};
						};
					};
					6E15B2AF94133B58BC23A48F = {
						SystemCapabilities = {
							com.apple.ApplicationGroups.iOS = {
								enabled = 0;
							};
							com.apple.HardenedRuntime = {
								enabled = 0;
							};
							com.apple.InAppPurchase = {
								enabled = 0;
							};
							com.apple.InterAppAudio = {
								enabled = 0;
							};
							com.apple.Push = {
								enabled = 0;
							};
							com.apple.Sandbox = {
								enabled = 0;
							};
						};
					};
					78199E24E8C0BF6B4C8468EF = {
						SystemCapabilities = {
							com.apple.ApplicationGroups.iOS = {
								enabled = 0;
							};
							com.apple.HardenedRuntime = {
								enabled = 0;
							};
							com.apple.InAppPurchase = {
								enabled = 0;
							};
							com.apple.InterAppAudio = {
								enabled = 0;
							};
							com.apple.Push = {
								enabled = 0;
							};
							com.apple.Sandbox = {
								enabled = 0;
							};
						};
					};
					FA1B5BAD453F5D34B28FEE07 = {
						SystemCapabilities = {
							com.apple.ApplicationGroups.iOS = {
								enabled = 0;
							};
							com.apple.HardenedRuntime = {
								enabled = 0;
							};
							com.apple.InAppPurchase = {
								enabled = 0;
							};
							com.apple.InterAppAudio = {
								enabled = 0;
							};
							com.apple.Push = {
								enabled = 0;
							};
							com.apple.Sandbox = {
								enabled = 0;
							};
						};
					};
				};
			};
			buildConfigurationList = C9BEC06E1E8F7026F868AE6A;
			compatibilityVersion = "Xcode 3.2";
			hasScannedForEncodings = 0;
			knownRegions = (
				en,
				Base,
			);
			mainGroup = 96CF4D8BA218BF2855850C5F;
			projectDirPath = "";
			projectRoot = "";
			targets = (
				6E15B2AF94133B58BC23A48F,
				09F7CF1B5C101A3344D3D4BE,
				FA1B5BAD453F5D34B28FEE07,
				319DB0BB0F5DEB945557C22C,
				78199E24E8C0BF6B4C8468EF,
			);
		};
/* End PBXProject section */

/* Begin PBXResourcesBuildPhase section */
		26A6AD85DE0B9FC2EE2CCCC5 = {
			isa = PBXResourcesBuildPhase;
			buildActionMask = 2147483647;
			files = (
				FA0C316C2A4B90D8A675E438,
			);
			runOnlyForDeploymentPostprocessing = 0;
		};
		9BCB7360BD0FA0957F3D4612 = {
			isa = PBXResourcesBuildPhase;
			buildActionMask = 2147483647;
			files = (
				FA0C316C2A4B90D8A675E438,
			);
			runOnlyForDeploymentPostprocessing = 0;
		};
		E5F20B5DD422926FC2A1A8FF = {
			isa = PBXResourcesBuildPhase;
			buildActionMask = 2147483647;
			files = (
				FA0C316C2A4B90D8A675E438,
			);
			runOnlyForDeploymentPostprocessing = 0;
		};
/* End PBXResourcesBuildPhase section */

/* Begin PBXRezBuildPhase section */
		E3E2E52C3005269ACBF7A3C4 = {
			isa = PBXRezBuildPhase;
			buildActionMask = 2147483647;
			files = (
				C396AD0A519811F11283871B,
			);
			runOnlyForDeploymentPostprocessing = 0;
		};
/* End PBXRezBuildPhase section */

/* Begin PBXSourcesBuildPhase section */
		4E38DE2102D37D2BC42A5B86 = {
			isa = PBXSourcesBuildPhase;
			buildActionMask = 2147483647;
			files = (
				404606BF26F0FBE2ED8E09A6,
				BC97E722C324B9C0C7CF1C59,
				BFF74034D0A04287CF4D76DC,
				2BED367F2C770918FA778912,
				F23AD18CDD12A10FDCAA6482,
				F05A9BDF341DA9DB39C0D167,
				409972A3D3ABABC4436D07A8,
				B99A316C181A86EA0D091AE9,
				2625E83E017D5FCD56EAEF1D,
				4196E6CBA4056A36BBA05E1B,
				C7C4ED18DC4A16B683BF7C4A,
				F4829BB1998E5EE8A64F4CE1,
				B0A93CA4C0A7F4A25F0571C9,
				25CA1564B733D154A3BDA4E0,
				3C7CE4E17216A813844CE172,
				3F24E5CAAD57B64B9FBEC866,
				D83E2D8176479E910C25B888,
				4B5BD80099326A50D33B471C,
				8A5562BA354AB27400F6682C,
				DC813A6EF677759CD4874F8C,
				39B84A07E2E24D5123F5548B,
				D4E67978B59B023B87041DB1,
				2E46DA5E853FB21F62D2DD19,
				E4B565A5304662784253A530,
				CE00FA8C0D4768CB9F5AD006,
				D05459083EC6BA10E5C1CC32,
			);
			runOnlyForDeploymentPostprocessing = 0;
		};
		7F97576C279542426C17E468 = {
			isa = PBXSourcesBuildPhase;
			buildActionMask = 2147483647;
			files = (
				69DB1BA78C54F9EB0B810DF9,
				8C9210228C15DC7A67B0257D,
			);
			runOnlyForDeploymentPostprocessing = 0;
		};
		81BD9E2251E1BC630E3EB5C8 = {
			isa = PBXSourcesBuildPhase;
			buildActionMask = 2147483647;
			files = (
				0E87A10CA1986F3CE7CD1544,
			);
			runOnlyForDeploymentPostprocessing = 0;
		};
		A4C673FCE7D3AAE5152A3AFB = {
			isa = PBXSourcesBuildPhase;
			buildActionMask = 2147483647;
			files = (
				947A8B9A0D9C6363AD5659FA,
			);
			runOnlyForDeploymentPostprocessing = 0;
		};
/* End PBXSourcesBuildPhase section */

/* Begin PBXTargetDependency section */
		00BF17B9DD17CF3F47329A88 = {
			isa = PBXTargetDependency;
			target = 78199E24E8C0BF6B4C8468EF;
		};
		29E57FE8A3558775CE5D68E0 = {
			isa = PBXTargetDependency;
			target = 319DB0BB0F5DEB945557C22C;
		};
		307E29A6DB2F7FA7EA176ED2 = {
			isa = PBXTargetDependency;
			target = FA1B5BAD453F5D34B28FEE07;
		};
		8AA1F01CF064B5590502653E = {
			isa = PBXTargetDependency;
			target = 78199E24E8C0BF6B4C8468EF;
		};
		8DB62BA35CCAB2652722562D = {
			isa = PBXTargetDependency;
			target = 78199E24E8C0BF6B4C8468EF;
		};
		9313AA4AAD6A11EA971E7443 = {
			isa = PBXTargetDependency;
			target = 78199E24E8C0BF6B4C8468EF;
		};
		9982259E805635C4D7A3FC81 = {
			isa = PBXTargetDependency;
			target = 09F7CF1B5C101A3344D3D4BE;
		};
/* End PBXTargetDependency section */

/* Begin XCBuildConfiguration section */
		06B45B25B8A67B67D78A424A /* Debug */ = {
			isa = XCBuildConfiguration;
			buildSettings = {
				ALWAYS_SEARCH_USER_PATHS = NO;
				CLANG_ENABLE_OBJC_WEAK = YES;
				CLANG_WARN_BLOCK_CAPTURE_AUTORELEASING = YES;
				CLANG_WARN_BOOL_CONVERSION = YES;
				CLANG_WARN_COMMA = YES;
				CLANG_WARN_CONSTANT_CONVERSION = YES;
				CLANG_WARN_DEPRECATED_OBJC_IMPLEMENTATIONS = YES;
				CLANG_WARN_EMPTY_BODY = YES;
				CLANG_WARN_ENUM_CONVERSION = YES;
				CLANG_WARN_INFINITE_RECURSION = YES;
				CLANG_WARN_INT_CONVERSION = YES;
				CLANG_WARN_NON_LITERAL_NULL_CONVERSION = YES;
				CLANG_WARN_OBJC_IMPLICIT_RETAIN_SELF = YES;
				CLANG_WARN_OBJC_LITERAL_CONVERSION = YES;
				CLANG_WARN_RANGE_LOOP_ANALYSIS = YES;
				CLANG_WARN_STRICT_PROTOTYPES = YES;
				CLANG_WARN_SUSPICIOUS_MOVE = YES;
				CLANG_WARN_UNREACHABLE_CODE = YES;
				CLANG_WARN__DUPLICATE_METHOD_MATCH = YES;
				CODE_SIGN_IDENTITY = "";
				DEBUG_INFORMATION_FORMAT = dwarf;
				ENABLE_STRICT_OBJC_MSGSEND = YES;
				ENABLE_TESTABILITY = NO;
				GCC_C_LANGUAGE_STANDARD = c11;
				GCC_INLINES_ARE_PRIVATE_EXTERN = YES;
				GCC_MODEL_TUNING = G5;
				GCC_NO_COMMON_BLOCKS = YES;
				GCC_SYMBOLS_PRIVATE_EXTERN = YES;
				GCC_WARN_64_TO_32_BIT_CONVERSION = YES;
				GCC_WARN_ABOUT_RETURN_TYPE = YES;
				GCC_WARN_CHECK_SWITCH_STATEMENTS = YES;
				GCC_WARN_MISSING_PARENTHESES = YES;
				GCC_WARN_NON_VIRTUAL_DESTRUCTOR = YES;
				GCC_WARN_TYPECHECK_CALLS_TO_PRINTF = YES;
				GCC_WARN_UNDECLARED_SELECTOR = YES;
				GCC_WARN_UNINITIALIZED_AUTOS = YES;
				GCC_WARN_UNUSED_FUNCTION = YES;
				GCC_WARN_UNUSED_VARIABLE = YES;
				ONLY_ACTIVE_ARCH = YES;
				PRODUCT_NAME = "Compressor-Advanced";
				SDKROOT = macosx;
				WARNING_CFLAGS = "-Wreorder";
				ZERO_LINK = NO;
			};
			name = Debug;
		};
		2B9E11E88B045F5AB258C9AB /* Debug */ = {
			isa = XCBuildConfiguration;
			buildSettings = {
				CLANG_CXX_LANGUAGE_STANDARD = "c++14";
				CLANG_CXX_LIBRARY = "libc++";
				CLANG_LINK_OBJC_RUNTIME = NO;
				CODE_SIGN_IDENTITY = "";
				COMBINE_HIDPI_IMAGES = YES;
				CONFIGURATION_BUILD_DIR = "$(PROJECT_DIR)/build/$(CONFIGURATION)";
				COPY_PHASE_STRIP = NO;
				DEPLOYMENT_LOCATION = YES;
				DSTROOT = /;
				EXCLUDED_ARCHS = "";
				GCC_DYNAMIC_NO_PIC = NO;
				GCC_OPTIMIZATION_LEVEL = 0;
				GCC_PREPROCESSOR_DEFINITIONS = (
					"_DEBUG=1",
					"DEBUG=1",
					"JUCE_DISPLAY_SPLASH_SCREEN=0",
					"JUCE_USE_DARK_SPLASH_SCREEN=1",
					"JUCE_PROJUCER_VERSION=0x70000",
					"JUCE_MODULE_AVAILABLE_juce_audio_basics=1",
					"JUCE_MODULE_AVAILABLE_juce_audio_devices=1",
					"JUCE_MODULE_AVAILABLE_juce_audio_formats=1",
					"JUCE_MODULE_AVAILABLE_juce_audio_plugin_client=1",
					"JUCE_MODULE_AVAILABLE_juce_audio_processors=1",
					"JUCE_MODULE_AVAILABLE_juce_audio_utils=1",
					"JUCE_MODULE_AVAILABLE_juce_core=1",
					"JUCE_MODULE_AVAILABLE_juce_data_structures=1",
					"JUCE_MODULE_AVAILABLE_juce_dsp=1",
					"JUCE_MODULE_AVAILABLE_juce_events=1",
					"JUCE_MODULE_AVAILABLE_juce_graphics=1",
					"JUCE_MODULE_AVAILABLE_juce_gui_basics=1",
					"JUCE_MODULE_AVAILABLE_juce_gui_extra=1",
					"JUCE_GLOBAL_MODULE_SETTINGS_INCLUDED=1",
					"JUCE_VST3_CAN_REPLACE_VST2=0",
					"JUCE_STRICT_REFCOUNTEDPOINTER=1",
					"JucePlugin_Build_VST=0",
					"JucePlugin_Build_VST3=1",
					"JucePlugin_Build_AU=0",
					"JucePlugin_Build_AUv3=0",
					"JucePlugin_Build_AAX=0",
					"JucePlugin_Build_Standalone=0",
					"JucePlugin_Build_Unity=0",
					"JucePlugin_Build_LV2=0",
					"JucePlugin_Enable_IAA=0",
					"JucePlugin_Enable_ARA=0",
					"JucePlugin_Name=\\\"Compressor-Advanced\\\"",
					"JucePlugin_Desc=\\\"Compressor-Advanced\\\"",
					"JucePlugin_Manufacturer=\\\"Audio\\ Plugin\\ Coders\\ Guild\\\"",
					"JucePlugin_ManufacturerWebsite=\\\"www.AudioPluginCodersGuild.com\\\"",
					"JucePlugin_ManufacturerEmail=\\\"\\\"",
					"JucePlugin_ManufacturerCode=0x4d616e75",
					"JucePlugin_PluginCode=0x566a7269",
					"JucePlugin_IsSynth=0",
					"JucePlugin_WantsMidiInput=0",
					"JucePlugin_ProducesMidiOutput=0",
					"JucePlugin_IsMidiEffect=0",
					"JucePlugin_EditorRequiresKeyboardFocus=0",
					"JucePlugin_Version=1.0.0",
					"JucePlugin_VersionCode=0x10000",
					"JucePlugin_VersionString=\\\"1.0.0\\\"",
					"JucePlugin_VSTUniqueID=JucePlugin_PluginCode",
					"JucePlugin_VSTCategory=kPlugCategEffect",
					"JucePlugin_Vst3Category=\\\"Fx\\\"",
					"JucePlugin_AUMainType=\\'aufx\\'",
					"JucePlugin_AUSubType=JucePlugin_PluginCode",
					"JucePlugin_AUExportPrefix=CompressorAdvancedAU",
					"JucePlugin_AUExportPrefixQuoted=\\\"CompressorAdvancedAU\\\"",
					"JucePlugin_AUManufacturerCode=JucePlugin_ManufacturerCode",
					"JucePlugin_CFBundleIdentifier=com.AudioPluginCodersGuild.CompressorAdvanced",
					"JucePlugin_AAXIdentifier=com.AudioPluginCodersGuild.CompressorAdvanced",
					"JucePlugin_AAXManufacturerCode=JucePlugin_ManufacturerCode",
					"JucePlugin_AAXProductId=JucePlugin_PluginCode",
					"JucePlugin_AAXCategory=0",
					"JucePlugin_AAXDisableBypass=0",
					"JucePlugin_AAXDisableMultiMono=0",
					"JucePlugin_IAAType=0x61757278",
					"JucePlugin_IAASubType=JucePlugin_PluginCode",
					"JucePlugin_IAAName=\\\"Audio\\ Plugin\\ Coders\\ Guild:\\ Compressor-Advanced\\\"",
					"JucePlugin_VSTNumMidiInputs=16",
					"JucePlugin_VSTNumMidiOutputs=16",
					"JucePlugin_ARAContentTypes=0",
					"JucePlugin_ARATransformationFlags=0",
					"JucePlugin_ARAFactoryID=\\\"com.AudioPluginCodersGuild.CompressorAdvanced.factory\\\"",
					"JucePlugin_ARADocumentArchiveID=\\\"com.AudioPluginCodersGuild.CompressorAdvanced.aradocumentarchive.1.0.0\\\"",
					"JucePlugin_ARACompatibleArchiveIDs=\\\"\\\"",
					"JUCE_STANDALONE_APPLICATION=JucePlugin_Build_Standalone",
					"JUCER_XCODE_MAC_F6D2F4CF=1",
					"JUCE_APP_VERSION=1.0.0",
					"JUCE_APP_VERSION_HEX=0x10000",
				);
				GCC_VERSION = com.apple.compilers.llvm.clang.1_0;
				GENERATE_PKGINFO_FILE = YES;
				HEADER_SEARCH_PATHS = (
					"/Users/land00m/Documents/GitHub/JUCE/modules/juce_audio_processors/format_types/VST3_SDK",
					"$(SRCROOT)/../../JuceLibraryCode",
					"/Users/land00m/Documents/GitHub/JUCE/modules",
					"/Users/land00m/Documents/GitHub/JUCE/modules/juce_audio_plugin_client",
					"$(inherited)",
				);
				INFOPLIST_FILE = Info-VST3.plist;
				INFOPLIST_PREPROCESS = NO;
				INSTALL_PATH = "$(HOME)/Library/Audio/Plug-Ins/VST3/";
				LIBRARY_STYLE = Bundle;
				MACOSX_DEPLOYMENT_TARGET = 10.11;
				MTL_HEADER_SEARCH_PATHS = "/Users/land00m/Documents/GitHub/JUCE/modules/juce_audio_processors/format_types/VST3_SDK $(SRCROOT)/../../JuceLibraryCode /Users/land00m/Documents/GitHub/JUCE/modules /Users/land00m/Documents/GitHub/JUCE/modules/juce_audio_plugin_client";
				OTHER_LDFLAGS = "-bundle -lCompressor-Advanced";
				PRODUCT_BUNDLE_IDENTIFIER = com.AudioPluginCodersGuild.CompressorAdvanced;
				PRODUCT_NAME = "Compressor-Advanced";
				USE_HEADERMAP = NO;
				VALID_ARCHS = "i386 x86_64 arm64 arm64e";
				WRAPPER_EXTENSION = vst3;
			};
			name = Debug;
		};
		3503F9C19E017E36F0924BF9 /* Debug */ = {
			isa = XCBuildConfiguration;
			buildSettings = {
				MACOSX_DEPLOYMENT_TARGET = 10.11;
				SDKROOT = macosx;
			};
			name = Debug;
		};
		3AD9AF4087492DBDF529FD4F /* Release */ = {
			isa = XCBuildConfiguration;
			buildSettings = {
				CLANG_CXX_LANGUAGE_STANDARD = "c++14";
				CLANG_CXX_LIBRARY = "libc++";
				CLANG_LINK_OBJC_RUNTIME = NO;
				CODE_SIGN_IDENTITY = "";
				COMBINE_HIDPI_IMAGES = YES;
				CONFIGURATION_BUILD_DIR = "$(PROJECT_DIR)/build/$(CONFIGURATION)";
				DEAD_CODE_STRIPPING = YES;
				EXCLUDED_ARCHS = "";
				GCC_GENERATE_DEBUGGING_SYMBOLS = NO;
				GCC_OPTIMIZATION_LEVEL = 3;
				GCC_PREPROCESSOR_DEFINITIONS = (
					"_NDEBUG=1",
					"NDEBUG=1",
					"JUCE_DISPLAY_SPLASH_SCREEN=0",
					"JUCE_USE_DARK_SPLASH_SCREEN=1",
					"JUCE_PROJUCER_VERSION=0x70000",
					"JUCE_MODULE_AVAILABLE_juce_audio_basics=1",
					"JUCE_MODULE_AVAILABLE_juce_audio_devices=1",
					"JUCE_MODULE_AVAILABLE_juce_audio_formats=1",
					"JUCE_MODULE_AVAILABLE_juce_audio_plugin_client=1",
					"JUCE_MODULE_AVAILABLE_juce_audio_processors=1",
					"JUCE_MODULE_AVAILABLE_juce_audio_utils=1",
					"JUCE_MODULE_AVAILABLE_juce_core=1",
					"JUCE_MODULE_AVAILABLE_juce_data_structures=1",
					"JUCE_MODULE_AVAILABLE_juce_dsp=1",
					"JUCE_MODULE_AVAILABLE_juce_events=1",
					"JUCE_MODULE_AVAILABLE_juce_graphics=1",
					"JUCE_MODULE_AVAILABLE_juce_gui_basics=1",
					"JUCE_MODULE_AVAILABLE_juce_gui_extra=1",
					"JUCE_GLOBAL_MODULE_SETTINGS_INCLUDED=1",
					"JUCE_VST3_CAN_REPLACE_VST2=0",
					"JUCE_STRICT_REFCOUNTEDPOINTER=1",
					"JucePlugin_Build_VST=0",
					"JucePlugin_Build_VST3=1",
					"JucePlugin_Build_AU=1",
					"JucePlugin_Build_AUv3=0",
					"JucePlugin_Build_AAX=0",
					"JucePlugin_Build_Standalone=1",
					"JucePlugin_Build_Unity=0",
					"JucePlugin_Build_LV2=0",
					"JucePlugin_Enable_IAA=0",
					"JucePlugin_Enable_ARA=0",
					"JucePlugin_Name=\\\"Compressor-Advanced\\\"",
					"JucePlugin_Desc=\\\"Compressor-Advanced\\\"",
					"JucePlugin_Manufacturer=\\\"Audio\\ Plugin\\ Coders\\ Guild\\\"",
					"JucePlugin_ManufacturerWebsite=\\\"www.AudioPluginCodersGuild.com\\\"",
					"JucePlugin_ManufacturerEmail=\\\"\\\"",
					"JucePlugin_ManufacturerCode=0x4d616e75",
					"JucePlugin_PluginCode=0x566a7269",
					"JucePlugin_IsSynth=0",
					"JucePlugin_WantsMidiInput=0",
					"JucePlugin_ProducesMidiOutput=0",
					"JucePlugin_IsMidiEffect=0",
					"JucePlugin_EditorRequiresKeyboardFocus=0",
					"JucePlugin_Version=1.0.0",
					"JucePlugin_VersionCode=0x10000",
					"JucePlugin_VersionString=\\\"1.0.0\\\"",
					"JucePlugin_VSTUniqueID=JucePlugin_PluginCode",
					"JucePlugin_VSTCategory=kPlugCategEffect",
					"JucePlugin_Vst3Category=\\\"Fx\\\"",
					"JucePlugin_AUMainType=\\'aufx\\'",
					"JucePlugin_AUSubType=JucePlugin_PluginCode",
					"JucePlugin_AUExportPrefix=CompressorAdvancedAU",
					"JucePlugin_AUExportPrefixQuoted=\\\"CompressorAdvancedAU\\\"",
					"JucePlugin_AUManufacturerCode=JucePlugin_ManufacturerCode",
					"JucePlugin_CFBundleIdentifier=com.AudioPluginCodersGuild.CompressorAdvanced",
					"JucePlugin_AAXIdentifier=com.AudioPluginCodersGuild.CompressorAdvanced",
					"JucePlugin_AAXManufacturerCode=JucePlugin_ManufacturerCode",
					"JucePlugin_AAXProductId=JucePlugin_PluginCode",
					"JucePlugin_AAXCategory=0",
					"JucePlugin_AAXDisableBypass=0",
					"JucePlugin_AAXDisableMultiMono=0",
					"JucePlugin_IAAType=0x61757278",
					"JucePlugin_IAASubType=JucePlugin_PluginCode",
					"JucePlugin_IAAName=\\\"Audio\\ Plugin\\ Coders\\ Guild:\\ Compressor-Advanced\\\"",
					"JucePlugin_VSTNumMidiInputs=16",
					"JucePlugin_VSTNumMidiOutputs=16",
					"JucePlugin_ARAContentTypes=0",
					"JucePlugin_ARATransformationFlags=0",
					"JucePlugin_ARAFactoryID=\\\"com.AudioPluginCodersGuild.CompressorAdvanced.factory\\\"",
					"JucePlugin_ARADocumentArchiveID=\\\"com.AudioPluginCodersGuild.CompressorAdvanced.aradocumentarchive.1.0.0\\\"",
					"JucePlugin_ARACompatibleArchiveIDs=\\\"\\\"",
					"JUCE_STANDALONE_APPLICATION=JucePlugin_Build_Standalone",
					"JUCER_XCODE_MAC_F6D2F4CF=1",
					"JUCE_APP_VERSION=1.0.0",
					"JUCE_APP_VERSION_HEX=0x10000",
					"JUCE_SHARED_CODE=1",
				);
				GCC_VERSION = com.apple.compilers.llvm.clang.1_0;
				HEADER_SEARCH_PATHS = (
					"/Users/land00m/Documents/GitHub/JUCE/modules/juce_audio_processors/format_types/VST3_SDK",
					"$(SRCROOT)/../../JuceLibraryCode",
					"/Users/land00m/Documents/GitHub/JUCE/modules",
					"/Users/land00m/Documents/GitHub/JUCE/modules/juce_audio_plugin_client",
					"$(inherited)",
				);
				INSTALL_PATH = "@executable_path/../Frameworks";
				LLVM_LTO = YES;
				MACOSX_DEPLOYMENT_TARGET = 10.11;
				MTL_HEADER_SEARCH_PATHS = "/Users/land00m/Documents/GitHub/JUCE/modules/juce_audio_processors/format_types/VST3_SDK $(SRCROOT)/../../JuceLibraryCode /Users/land00m/Documents/GitHub/JUCE/modules /Users/land00m/Documents/GitHub/JUCE/modules/juce_audio_plugin_client";
				PRODUCT_BUNDLE_IDENTIFIER = com.AudioPluginCodersGuild.CompressorAdvanced;
				PRODUCT_NAME = "Compressor-Advanced";
				SKIP_INSTALL = YES;
				USE_HEADERMAP = NO;
				VALID_ARCHS = "i386 x86_64 arm64 arm64e";
			};
			name = Release;
		};
		47CE0FEC4E9E21FCED339E31 /* Release */ = {
			isa = XCBuildConfiguration;
			buildSettings = {
				CLANG_CXX_LANGUAGE_STANDARD = "c++14";
				CLANG_CXX_LIBRARY = "libc++";
				CLANG_LINK_OBJC_RUNTIME = NO;
				CODE_SIGN_IDENTITY = "";
				COMBINE_HIDPI_IMAGES = YES;
				CONFIGURATION_BUILD_DIR = "$(PROJECT_DIR)/build/$(CONFIGURATION)";
				DEAD_CODE_STRIPPING = YES;
				EXCLUDED_ARCHS = "";
				GCC_GENERATE_DEBUGGING_SYMBOLS = NO;
				GCC_OPTIMIZATION_LEVEL = 3;
				GCC_PREPROCESSOR_DEFINITIONS = (
					"_NDEBUG=1",
					"NDEBUG=1",
					"JUCE_DISPLAY_SPLASH_SCREEN=0",
					"JUCE_USE_DARK_SPLASH_SCREEN=1",
					"JUCE_PROJUCER_VERSION=0x70000",
					"JUCE_MODULE_AVAILABLE_juce_audio_basics=1",
					"JUCE_MODULE_AVAILABLE_juce_audio_devices=1",
					"JUCE_MODULE_AVAILABLE_juce_audio_formats=1",
					"JUCE_MODULE_AVAILABLE_juce_audio_plugin_client=1",
					"JUCE_MODULE_AVAILABLE_juce_audio_processors=1",
					"JUCE_MODULE_AVAILABLE_juce_audio_utils=1",
					"JUCE_MODULE_AVAILABLE_juce_core=1",
					"JUCE_MODULE_AVAILABLE_juce_data_structures=1",
					"JUCE_MODULE_AVAILABLE_juce_dsp=1",
					"JUCE_MODULE_AVAILABLE_juce_events=1",
					"JUCE_MODULE_AVAILABLE_juce_graphics=1",
					"JUCE_MODULE_AVAILABLE_juce_gui_basics=1",
					"JUCE_MODULE_AVAILABLE_juce_gui_extra=1",
					"JUCE_GLOBAL_MODULE_SETTINGS_INCLUDED=1",
					"JUCE_VST3_CAN_REPLACE_VST2=0",
					"JUCE_STRICT_REFCOUNTEDPOINTER=1",
					"JucePlugin_Build_VST=0",
					"JucePlugin_Build_VST3=0",
					"JucePlugin_Build_AU=0",
					"JucePlugin_Build_AUv3=0",
					"JucePlugin_Build_AAX=0",
					"JucePlugin_Build_Standalone=1",
					"JucePlugin_Build_Unity=0",
					"JucePlugin_Build_LV2=0",
					"JucePlugin_Enable_IAA=0",
					"JucePlugin_Enable_ARA=0",
					"JucePlugin_Name=\\\"Compressor-Advanced\\\"",
					"JucePlugin_Desc=\\\"Compressor-Advanced\\\"",
					"JucePlugin_Manufacturer=\\\"Audio\\ Plugin\\ Coders\\ Guild\\\"",
					"JucePlugin_ManufacturerWebsite=\\\"www.AudioPluginCodersGuild.com\\\"",
					"JucePlugin_ManufacturerEmail=\\\"\\\"",
					"JucePlugin_ManufacturerCode=0x4d616e75",
					"JucePlugin_PluginCode=0x566a7269",
					"JucePlugin_IsSynth=0",
					"JucePlugin_WantsMidiInput=0",
					"JucePlugin_ProducesMidiOutput=0",
					"JucePlugin_IsMidiEffect=0",
					"JucePlugin_EditorRequiresKeyboardFocus=0",
					"JucePlugin_Version=1.0.0",
					"JucePlugin_VersionCode=0x10000",
					"JucePlugin_VersionString=\\\"1.0.0\\\"",
					"JucePlugin_VSTUniqueID=JucePlugin_PluginCode",
					"JucePlugin_VSTCategory=kPlugCategEffect",
					"JucePlugin_Vst3Category=\\\"Fx\\\"",
					"JucePlugin_AUMainType=\\'aufx\\'",
					"JucePlugin_AUSubType=JucePlugin_PluginCode",
					"JucePlugin_AUExportPrefix=CompressorAdvancedAU",
					"JucePlugin_AUExportPrefixQuoted=\\\"CompressorAdvancedAU\\\"",
					"JucePlugin_AUManufacturerCode=JucePlugin_ManufacturerCode",
					"JucePlugin_CFBundleIdentifier=com.AudioPluginCodersGuild.CompressorAdvanced",
					"JucePlugin_AAXIdentifier=com.AudioPluginCodersGuild.CompressorAdvanced",
					"JucePlugin_AAXManufacturerCode=JucePlugin_ManufacturerCode",
					"JucePlugin_AAXProductId=JucePlugin_PluginCode",
					"JucePlugin_AAXCategory=0",
					"JucePlugin_AAXDisableBypass=0",
					"JucePlugin_AAXDisableMultiMono=0",
					"JucePlugin_IAAType=0x61757278",
					"JucePlugin_IAASubType=JucePlugin_PluginCode",
					"JucePlugin_IAAName=\\\"Audio\\ Plugin\\ Coders\\ Guild:\\ Compressor-Advanced\\\"",
					"JucePlugin_VSTNumMidiInputs=16",
					"JucePlugin_VSTNumMidiOutputs=16",
					"JucePlugin_ARAContentTypes=0",
					"JucePlugin_ARATransformationFlags=0",
					"JucePlugin_ARAFactoryID=\\\"com.AudioPluginCodersGuild.CompressorAdvanced.factory\\\"",
					"JucePlugin_ARADocumentArchiveID=\\\"com.AudioPluginCodersGuild.CompressorAdvanced.aradocumentarchive.1.0.0\\\"",
					"JucePlugin_ARACompatibleArchiveIDs=\\\"\\\"",
					"JUCE_STANDALONE_APPLICATION=JucePlugin_Build_Standalone",
					"JUCER_XCODE_MAC_F6D2F4CF=1",
					"JUCE_APP_VERSION=1.0.0",
					"JUCE_APP_VERSION_HEX=0x10000",
				);
				GCC_VERSION = com.apple.compilers.llvm.clang.1_0;
				HEADER_SEARCH_PATHS = (
					"/Users/land00m/Documents/GitHub/JUCE/modules/juce_audio_processors/format_types/VST3_SDK",
					"$(SRCROOT)/../../JuceLibraryCode",
					"/Users/land00m/Documents/GitHub/JUCE/modules",
					"/Users/land00m/Documents/GitHub/JUCE/modules/juce_audio_plugin_client",
					"$(inherited)",
				);
				INFOPLIST_FILE = Info-Standalone_Plugin.plist;
				INFOPLIST_PREPROCESS = NO;
				LLVM_LTO = YES;
				MACOSX_DEPLOYMENT_TARGET = 10.11;
				MTL_HEADER_SEARCH_PATHS = "/Users/land00m/Documents/GitHub/JUCE/modules/juce_audio_processors/format_types/VST3_SDK $(SRCROOT)/../../JuceLibraryCode /Users/land00m/Documents/GitHub/JUCE/modules /Users/land00m/Documents/GitHub/JUCE/modules/juce_audio_plugin_client";
				OTHER_LDFLAGS = "-lCompressor-Advanced";
				PRODUCT_BUNDLE_IDENTIFIER = com.AudioPluginCodersGuild.CompressorAdvanced;
				PRODUCT_NAME = "Compressor-Advanced";
				USE_HEADERMAP = NO;
				VALID_ARCHS = "i386 x86_64 arm64 arm64e";
			};
			name = Release;
		};
		5A83024FB54175965B5D8240 /* Debug */ = {
			isa = XCBuildConfiguration;
			buildSettings = {
				CLANG_CXX_LANGUAGE_STANDARD = "c++14";
				CLANG_CXX_LIBRARY = "libc++";
				CLANG_LINK_OBJC_RUNTIME = NO;
				CODE_SIGN_IDENTITY = "";
				COMBINE_HIDPI_IMAGES = YES;
				CONFIGURATION_BUILD_DIR = "$(PROJECT_DIR)/build/$(CONFIGURATION)";
				COPY_PHASE_STRIP = NO;
				EXCLUDED_ARCHS = "";
				GCC_DYNAMIC_NO_PIC = NO;
				GCC_OPTIMIZATION_LEVEL = 0;
				GCC_PREPROCESSOR_DEFINITIONS = (
					"_DEBUG=1",
					"DEBUG=1",
					"JUCE_DISPLAY_SPLASH_SCREEN=0",
					"JUCE_USE_DARK_SPLASH_SCREEN=1",
					"JUCE_PROJUCER_VERSION=0x70000",
					"JUCE_MODULE_AVAILABLE_juce_audio_basics=1",
					"JUCE_MODULE_AVAILABLE_juce_audio_devices=1",
					"JUCE_MODULE_AVAILABLE_juce_audio_formats=1",
					"JUCE_MODULE_AVAILABLE_juce_audio_plugin_client=1",
					"JUCE_MODULE_AVAILABLE_juce_audio_processors=1",
					"JUCE_MODULE_AVAILABLE_juce_audio_utils=1",
					"JUCE_MODULE_AVAILABLE_juce_core=1",
					"JUCE_MODULE_AVAILABLE_juce_data_structures=1",
					"JUCE_MODULE_AVAILABLE_juce_dsp=1",
					"JUCE_MODULE_AVAILABLE_juce_events=1",
					"JUCE_MODULE_AVAILABLE_juce_graphics=1",
					"JUCE_MODULE_AVAILABLE_juce_gui_basics=1",
					"JUCE_MODULE_AVAILABLE_juce_gui_extra=1",
					"JUCE_GLOBAL_MODULE_SETTINGS_INCLUDED=1",
					"JUCE_VST3_CAN_REPLACE_VST2=0",
					"JUCE_STRICT_REFCOUNTEDPOINTER=1",
					"JucePlugin_Build_VST=0",
					"JucePlugin_Build_VST3=1",
					"JucePlugin_Build_AU=1",
					"JucePlugin_Build_AUv3=0",
					"JucePlugin_Build_AAX=0",
					"JucePlugin_Build_Standalone=1",
					"JucePlugin_Build_Unity=0",
					"JucePlugin_Build_LV2=0",
					"JucePlugin_Enable_IAA=0",
					"JucePlugin_Enable_ARA=0",
					"JucePlugin_Name=\\\"Compressor-Advanced\\\"",
					"JucePlugin_Desc=\\\"Compressor-Advanced\\\"",
					"JucePlugin_Manufacturer=\\\"Audio\\ Plugin\\ Coders\\ Guild\\\"",
					"JucePlugin_ManufacturerWebsite=\\\"www.AudioPluginCodersGuild.com\\\"",
					"JucePlugin_ManufacturerEmail=\\\"\\\"",
					"JucePlugin_ManufacturerCode=0x4d616e75",
					"JucePlugin_PluginCode=0x566a7269",
					"JucePlugin_IsSynth=0",
					"JucePlugin_WantsMidiInput=0",
					"JucePlugin_ProducesMidiOutput=0",
					"JucePlugin_IsMidiEffect=0",
					"JucePlugin_EditorRequiresKeyboardFocus=0",
					"JucePlugin_Version=1.0.0",
					"JucePlugin_VersionCode=0x10000",
					"JucePlugin_VersionString=\\\"1.0.0\\\"",
					"JucePlugin_VSTUniqueID=JucePlugin_PluginCode",
					"JucePlugin_VSTCategory=kPlugCategEffect",
					"JucePlugin_Vst3Category=\\\"Fx\\\"",
					"JucePlugin_AUMainType=\\'aufx\\'",
					"JucePlugin_AUSubType=JucePlugin_PluginCode",
					"JucePlugin_AUExportPrefix=CompressorAdvancedAU",
					"JucePlugin_AUExportPrefixQuoted=\\\"CompressorAdvancedAU\\\"",
					"JucePlugin_AUManufacturerCode=JucePlugin_ManufacturerCode",
					"JucePlugin_CFBundleIdentifier=com.AudioPluginCodersGuild.CompressorAdvanced",
					"JucePlugin_AAXIdentifier=com.AudioPluginCodersGuild.CompressorAdvanced",
					"JucePlugin_AAXManufacturerCode=JucePlugin_ManufacturerCode",
					"JucePlugin_AAXProductId=JucePlugin_PluginCode",
					"JucePlugin_AAXCategory=0",
					"JucePlugin_AAXDisableBypass=0",
					"JucePlugin_AAXDisableMultiMono=0",
					"JucePlugin_IAAType=0x61757278",
					"JucePlugin_IAASubType=JucePlugin_PluginCode",
					"JucePlugin_IAAName=\\\"Audio\\ Plugin\\ Coders\\ Guild:\\ Compressor-Advanced\\\"",
					"JucePlugin_VSTNumMidiInputs=16",
					"JucePlugin_VSTNumMidiOutputs=16",
					"JucePlugin_ARAContentTypes=0",
					"JucePlugin_ARATransformationFlags=0",
					"JucePlugin_ARAFactoryID=\\\"com.AudioPluginCodersGuild.CompressorAdvanced.factory\\\"",
					"JucePlugin_ARADocumentArchiveID=\\\"com.AudioPluginCodersGuild.CompressorAdvanced.aradocumentarchive.1.0.0\\\"",
					"JucePlugin_ARACompatibleArchiveIDs=\\\"\\\"",
					"JUCE_STANDALONE_APPLICATION=JucePlugin_Build_Standalone",
					"JUCER_XCODE_MAC_F6D2F4CF=1",
					"JUCE_APP_VERSION=1.0.0",
					"JUCE_APP_VERSION_HEX=0x10000",
					"JUCE_SHARED_CODE=1",
				);
				GCC_VERSION = com.apple.compilers.llvm.clang.1_0;
				HEADER_SEARCH_PATHS = (
					"/Users/land00m/Documents/GitHub/JUCE/modules/juce_audio_processors/format_types/VST3_SDK",
					"$(SRCROOT)/../../JuceLibraryCode",
					"/Users/land00m/Documents/GitHub/JUCE/modules",
					"/Users/land00m/Documents/GitHub/JUCE/modules/juce_audio_plugin_client",
					"$(inherited)",
				);
				INSTALL_PATH = "@executable_path/../Frameworks";
				MACOSX_DEPLOYMENT_TARGET = 10.11;
				MTL_HEADER_SEARCH_PATHS = "/Users/land00m/Documents/GitHub/JUCE/modules/juce_audio_processors/format_types/VST3_SDK $(SRCROOT)/../../JuceLibraryCode /Users/land00m/Documents/GitHub/JUCE/modules /Users/land00m/Documents/GitHub/JUCE/modules/juce_audio_plugin_client";
				PRODUCT_BUNDLE_IDENTIFIER = com.AudioPluginCodersGuild.CompressorAdvanced;
				PRODUCT_NAME = "Compressor-Advanced";
				SKIP_INSTALL = YES;
				USE_HEADERMAP = NO;
				VALID_ARCHS = "i386 x86_64 arm64 arm64e";
			};
			name = Debug;
		};
		817E9CA793D761CA6673E84E /* Release */ = {
			isa = XCBuildConfiguration;
			buildSettings = {
				CLANG_CXX_LANGUAGE_STANDARD = "c++14";
				CLANG_CXX_LIBRARY = "libc++";
				CLANG_LINK_OBJC_RUNTIME = NO;
				CODE_SIGN_IDENTITY = "";
				COMBINE_HIDPI_IMAGES = YES;
				CONFIGURATION_BUILD_DIR = "$(PROJECT_DIR)/build/$(CONFIGURATION)";
				DEAD_CODE_STRIPPING = YES;
				DEPLOYMENT_LOCATION = YES;
				DSTROOT = /;
				EXCLUDED_ARCHS = "";
				GCC_GENERATE_DEBUGGING_SYMBOLS = NO;
				GCC_OPTIMIZATION_LEVEL = 3;
				GCC_PREPROCESSOR_DEFINITIONS = (
					"_NDEBUG=1",
					"NDEBUG=1",
					"JUCE_DISPLAY_SPLASH_SCREEN=0",
					"JUCE_USE_DARK_SPLASH_SCREEN=1",
					"JUCE_PROJUCER_VERSION=0x70000",
					"JUCE_MODULE_AVAILABLE_juce_audio_basics=1",
					"JUCE_MODULE_AVAILABLE_juce_audio_devices=1",
					"JUCE_MODULE_AVAILABLE_juce_audio_formats=1",
					"JUCE_MODULE_AVAILABLE_juce_audio_plugin_client=1",
					"JUCE_MODULE_AVAILABLE_juce_audio_processors=1",
					"JUCE_MODULE_AVAILABLE_juce_audio_utils=1",
					"JUCE_MODULE_AVAILABLE_juce_core=1",
					"JUCE_MODULE_AVAILABLE_juce_data_structures=1",
					"JUCE_MODULE_AVAILABLE_juce_dsp=1",
					"JUCE_MODULE_AVAILABLE_juce_events=1",
					"JUCE_MODULE_AVAILABLE_juce_graphics=1",
					"JUCE_MODULE_AVAILABLE_juce_gui_basics=1",
					"JUCE_MODULE_AVAILABLE_juce_gui_extra=1",
					"JUCE_GLOBAL_MODULE_SETTINGS_INCLUDED=1",
					"JUCE_VST3_CAN_REPLACE_VST2=0",
					"JUCE_STRICT_REFCOUNTEDPOINTER=1",
					"JucePlugin_Build_VST=0",
					"JucePlugin_Build_VST3=0",
					"JucePlugin_Build_AU=1",
					"JucePlugin_Build_AUv3=0",
					"JucePlugin_Build_AAX=0",
					"JucePlugin_Build_Standalone=0",
					"JucePlugin_Build_Unity=0",
					"JucePlugin_Build_LV2=0",
					"JucePlugin_Enable_IAA=0",
					"JucePlugin_Enable_ARA=0",
					"JucePlugin_Name=\\\"Compressor-Advanced\\\"",
					"JucePlugin_Desc=\\\"Compressor-Advanced\\\"",
					"JucePlugin_Manufacturer=\\\"Audio\\ Plugin\\ Coders\\ Guild\\\"",
					"JucePlugin_ManufacturerWebsite=\\\"www.AudioPluginCodersGuild.com\\\"",
					"JucePlugin_ManufacturerEmail=\\\"\\\"",
					"JucePlugin_ManufacturerCode=0x4d616e75",
					"JucePlugin_PluginCode=0x566a7269",
					"JucePlugin_IsSynth=0",
					"JucePlugin_WantsMidiInput=0",
					"JucePlugin_ProducesMidiOutput=0",
					"JucePlugin_IsMidiEffect=0",
					"JucePlugin_EditorRequiresKeyboardFocus=0",
					"JucePlugin_Version=1.0.0",
					"JucePlugin_VersionCode=0x10000",
					"JucePlugin_VersionString=\\\"1.0.0\\\"",
					"JucePlugin_VSTUniqueID=JucePlugin_PluginCode",
					"JucePlugin_VSTCategory=kPlugCategEffect",
					"JucePlugin_Vst3Category=\\\"Fx\\\"",
					"JucePlugin_AUMainType=\\'aufx\\'",
					"JucePlugin_AUSubType=JucePlugin_PluginCode",
					"JucePlugin_AUExportPrefix=CompressorAdvancedAU",
					"JucePlugin_AUExportPrefixQuoted=\\\"CompressorAdvancedAU\\\"",
					"JucePlugin_AUManufacturerCode=JucePlugin_ManufacturerCode",
					"JucePlugin_CFBundleIdentifier=com.AudioPluginCodersGuild.CompressorAdvanced",
					"JucePlugin_AAXIdentifier=com.AudioPluginCodersGuild.CompressorAdvanced",
					"JucePlugin_AAXManufacturerCode=JucePlugin_ManufacturerCode",
					"JucePlugin_AAXProductId=JucePlugin_PluginCode",
					"JucePlugin_AAXCategory=0",
					"JucePlugin_AAXDisableBypass=0",
					"JucePlugin_AAXDisableMultiMono=0",
					"JucePlugin_IAAType=0x61757278",
					"JucePlugin_IAASubType=JucePlugin_PluginCode",
					"JucePlugin_IAAName=\\\"Audio\\ Plugin\\ Coders\\ Guild:\\ Compressor-Advanced\\\"",
					"JucePlugin_VSTNumMidiInputs=16",
					"JucePlugin_VSTNumMidiOutputs=16",
					"JucePlugin_ARAContentTypes=0",
					"JucePlugin_ARATransformationFlags=0",
					"JucePlugin_ARAFactoryID=\\\"com.AudioPluginCodersGuild.CompressorAdvanced.factory\\\"",
					"JucePlugin_ARADocumentArchiveID=\\\"com.AudioPluginCodersGuild.CompressorAdvanced.aradocumentarchive.1.0.0\\\"",
					"JucePlugin_ARACompatibleArchiveIDs=\\\"\\\"",
					"JUCE_STANDALONE_APPLICATION=JucePlugin_Build_Standalone",
					"JUCER_XCODE_MAC_F6D2F4CF=1",
					"JUCE_APP_VERSION=1.0.0",
					"JUCE_APP_VERSION_HEX=0x10000",
				);
				GCC_VERSION = com.apple.compilers.llvm.clang.1_0;
				GENERATE_PKGINFO_FILE = YES;
				HEADER_SEARCH_PATHS = (
					"/Users/land00m/Documents/GitHub/JUCE/modules/juce_audio_processors/format_types/VST3_SDK",
					"$(SRCROOT)/../../JuceLibraryCode",
					"/Users/land00m/Documents/GitHub/JUCE/modules",
					"/Users/land00m/Documents/GitHub/JUCE/modules/juce_audio_plugin_client",
					"$(inherited)",
				);
				INFOPLIST_FILE = Info-AU.plist;
				INFOPLIST_PREPROCESS = NO;
				INSTALL_PATH = "$(HOME)/Library/Audio/Plug-Ins/Components/";
				LIBRARY_STYLE = Bundle;
				LLVM_LTO = YES;
				MACOSX_DEPLOYMENT_TARGET = 10.11;
				MTL_HEADER_SEARCH_PATHS = "/Users/land00m/Documents/GitHub/JUCE/modules/juce_audio_processors/format_types/VST3_SDK $(SRCROOT)/../../JuceLibraryCode /Users/land00m/Documents/GitHub/JUCE/modules /Users/land00m/Documents/GitHub/JUCE/modules/juce_audio_plugin_client";
				OTHER_LDFLAGS = "-bundle -lCompressor-Advanced";
				OTHER_REZFLAGS = "-d ppc_$ppc -d i386_$i386 -d ppc64_$ppc64 -d x86_64_$x86_64 -d arm64_$arm64 -I /System/Library/Frameworks/CoreServices.framework/Frameworks/CarbonCore.framework/Versions/A/Headers -I \"$(DEVELOPER_DIR)/Extras/CoreAudio/AudioUnits/AUPublic/AUBase\" -I \"$(DEVELOPER_DIR)/Platforms/MacOSX.platform/Developer/SDKs/MacOSX.sdk/System/Library/Frameworks/AudioUnit.framework/Headers\"";
				PRODUCT_BUNDLE_IDENTIFIER = com.AudioPluginCodersGuild.CompressorAdvanced;
				PRODUCT_NAME = "Compressor-Advanced";
				USE_HEADERMAP = NO;
				VALID_ARCHS = "i386 x86_64 arm64 arm64e";
				WRAPPER_EXTENSION = component;
			};
			name = Release;
		};
		A0AE441183E0CC72431F2BEC /* Release */ = {
			isa = XCBuildConfiguration;
			buildSettings = {
				MACOSX_DEPLOYMENT_TARGET = 10.11;
				SDKROOT = macosx;
			};
			name = Release;
		};
		A15DA4AE221AA5E8A0B675D7 /* Release */ = {
			isa = XCBuildConfiguration;
			buildSettings = {
				ALWAYS_SEARCH_USER_PATHS = NO;
				CLANG_ENABLE_OBJC_WEAK = YES;
				CLANG_WARN_BLOCK_CAPTURE_AUTORELEASING = YES;
				CLANG_WARN_BOOL_CONVERSION = YES;
				CLANG_WARN_COMMA = YES;
				CLANG_WARN_CONSTANT_CONVERSION = YES;
				CLANG_WARN_DEPRECATED_OBJC_IMPLEMENTATIONS = YES;
				CLANG_WARN_EMPTY_BODY = YES;
				CLANG_WARN_ENUM_CONVERSION = YES;
				CLANG_WARN_INFINITE_RECURSION = YES;
				CLANG_WARN_INT_CONVERSION = YES;
				CLANG_WARN_NON_LITERAL_NULL_CONVERSION = YES;
				CLANG_WARN_OBJC_IMPLICIT_RETAIN_SELF = YES;
				CLANG_WARN_OBJC_LITERAL_CONVERSION = YES;
				CLANG_WARN_RANGE_LOOP_ANALYSIS = YES;
				CLANG_WARN_STRICT_PROTOTYPES = YES;
				CLANG_WARN_SUSPICIOUS_MOVE = YES;
				CLANG_WARN_UNREACHABLE_CODE = YES;
				CLANG_WARN__DUPLICATE_METHOD_MATCH = YES;
				CODE_SIGN_IDENTITY = "";
				DEBUG_INFORMATION_FORMAT = dwarf;
				ENABLE_STRICT_OBJC_MSGSEND = YES;
				ENABLE_TESTABILITY = NO;
				GCC_C_LANGUAGE_STANDARD = c11;
				GCC_INLINES_ARE_PRIVATE_EXTERN = YES;
				GCC_MODEL_TUNING = G5;
				GCC_NO_COMMON_BLOCKS = YES;
				GCC_SYMBOLS_PRIVATE_EXTERN = YES;
				GCC_WARN_64_TO_32_BIT_CONVERSION = YES;
				GCC_WARN_ABOUT_RETURN_TYPE = YES;
				GCC_WARN_CHECK_SWITCH_STATEMENTS = YES;
				GCC_WARN_MISSING_PARENTHESES = YES;
				GCC_WARN_NON_VIRTUAL_DESTRUCTOR = YES;
				GCC_WARN_TYPECHECK_CALLS_TO_PRINTF = YES;
				GCC_WARN_UNDECLARED_SELECTOR = YES;
				GCC_WARN_UNINITIALIZED_AUTOS = YES;
				GCC_WARN_UNUSED_FUNCTION = YES;
				GCC_WARN_UNUSED_VARIABLE = YES;
				PRODUCT_NAME = "Compressor-Advanced";
				SDKROOT = macosx;
				WARNING_CFLAGS = "-Wreorder";
				ZERO_LINK = NO;
			};
			name = Release;
		};
		B9C4BC44AECD3F05ED045877 /* Debug */ = {
			isa = XCBuildConfiguration;
			buildSettings = {
				CLANG_CXX_LANGUAGE_STANDARD = "c++14";
				CLANG_CXX_LIBRARY = "libc++";
				CLANG_LINK_OBJC_RUNTIME = NO;
				CODE_SIGN_IDENTITY = "";
				COMBINE_HIDPI_IMAGES = YES;
				CONFIGURATION_BUILD_DIR = "$(PROJECT_DIR)/build/$(CONFIGURATION)";
				COPY_PHASE_STRIP = NO;
				EXCLUDED_ARCHS = "";
				GCC_DYNAMIC_NO_PIC = NO;
				GCC_OPTIMIZATION_LEVEL = 0;
				GCC_PREPROCESSOR_DEFINITIONS = (
					"_DEBUG=1",
					"DEBUG=1",
					"JUCE_DISPLAY_SPLASH_SCREEN=0",
					"JUCE_USE_DARK_SPLASH_SCREEN=1",
					"JUCE_PROJUCER_VERSION=0x70000",
					"JUCE_MODULE_AVAILABLE_juce_audio_basics=1",
					"JUCE_MODULE_AVAILABLE_juce_audio_devices=1",
					"JUCE_MODULE_AVAILABLE_juce_audio_formats=1",
					"JUCE_MODULE_AVAILABLE_juce_audio_plugin_client=1",
					"JUCE_MODULE_AVAILABLE_juce_audio_processors=1",
					"JUCE_MODULE_AVAILABLE_juce_audio_utils=1",
					"JUCE_MODULE_AVAILABLE_juce_core=1",
					"JUCE_MODULE_AVAILABLE_juce_data_structures=1",
					"JUCE_MODULE_AVAILABLE_juce_dsp=1",
					"JUCE_MODULE_AVAILABLE_juce_events=1",
					"JUCE_MODULE_AVAILABLE_juce_graphics=1",
					"JUCE_MODULE_AVAILABLE_juce_gui_basics=1",
					"JUCE_MODULE_AVAILABLE_juce_gui_extra=1",
					"JUCE_GLOBAL_MODULE_SETTINGS_INCLUDED=1",
					"JUCE_VST3_CAN_REPLACE_VST2=0",
					"JUCE_STRICT_REFCOUNTEDPOINTER=1",
					"JucePlugin_Build_VST=0",
					"JucePlugin_Build_VST3=0",
					"JucePlugin_Build_AU=0",
					"JucePlugin_Build_AUv3=0",
					"JucePlugin_Build_AAX=0",
					"JucePlugin_Build_Standalone=1",
					"JucePlugin_Build_Unity=0",
					"JucePlugin_Build_LV2=0",
					"JucePlugin_Enable_IAA=0",
					"JucePlugin_Enable_ARA=0",
					"JucePlugin_Name=\\\"Compressor-Advanced\\\"",
					"JucePlugin_Desc=\\\"Compressor-Advanced\\\"",
					"JucePlugin_Manufacturer=\\\"Audio\\ Plugin\\ Coders\\ Guild\\\"",
					"JucePlugin_ManufacturerWebsite=\\\"www.AudioPluginCodersGuild.com\\\"",
					"JucePlugin_ManufacturerEmail=\\\"\\\"",
					"JucePlugin_ManufacturerCode=0x4d616e75",
					"JucePlugin_PluginCode=0x566a7269",
					"JucePlugin_IsSynth=0",
					"JucePlugin_WantsMidiInput=0",
					"JucePlugin_ProducesMidiOutput=0",
					"JucePlugin_IsMidiEffect=0",
					"JucePlugin_EditorRequiresKeyboardFocus=0",
					"JucePlugin_Version=1.0.0",
					"JucePlugin_VersionCode=0x10000",
					"JucePlugin_VersionString=\\\"1.0.0\\\"",
					"JucePlugin_VSTUniqueID=JucePlugin_PluginCode",
					"JucePlugin_VSTCategory=kPlugCategEffect",
					"JucePlugin_Vst3Category=\\\"Fx\\\"",
					"JucePlugin_AUMainType=\\'aufx\\'",
					"JucePlugin_AUSubType=JucePlugin_PluginCode",
					"JucePlugin_AUExportPrefix=CompressorAdvancedAU",
					"JucePlugin_AUExportPrefixQuoted=\\\"CompressorAdvancedAU\\\"",
					"JucePlugin_AUManufacturerCode=JucePlugin_ManufacturerCode",
					"JucePlugin_CFBundleIdentifier=com.AudioPluginCodersGuild.CompressorAdvanced",
					"JucePlugin_AAXIdentifier=com.AudioPluginCodersGuild.CompressorAdvanced",
					"JucePlugin_AAXManufacturerCode=JucePlugin_ManufacturerCode",
					"JucePlugin_AAXProductId=JucePlugin_PluginCode",
					"JucePlugin_AAXCategory=0",
					"JucePlugin_AAXDisableBypass=0",
					"JucePlugin_AAXDisableMultiMono=0",
					"JucePlugin_IAAType=0x61757278",
					"JucePlugin_IAASubType=JucePlugin_PluginCode",
					"JucePlugin_IAAName=\\\"Audio\\ Plugin\\ Coders\\ Guild:\\ Compressor-Advanced\\\"",
					"JucePlugin_VSTNumMidiInputs=16",
					"JucePlugin_VSTNumMidiOutputs=16",
					"JucePlugin_ARAContentTypes=0",
					"JucePlugin_ARATransformationFlags=0",
					"JucePlugin_ARAFactoryID=\\\"com.AudioPluginCodersGuild.CompressorAdvanced.factory\\\"",
					"JucePlugin_ARADocumentArchiveID=\\\"com.AudioPluginCodersGuild.CompressorAdvanced.aradocumentarchive.1.0.0\\\"",
					"JucePlugin_ARACompatibleArchiveIDs=\\\"\\\"",
					"JUCE_STANDALONE_APPLICATION=JucePlugin_Build_Standalone",
					"JUCER_XCODE_MAC_F6D2F4CF=1",
					"JUCE_APP_VERSION=1.0.0",
					"JUCE_APP_VERSION_HEX=0x10000",
				);
				GCC_VERSION = com.apple.compilers.llvm.clang.1_0;
				HEADER_SEARCH_PATHS = (
					"/Users/land00m/Documents/GitHub/JUCE/modules/juce_audio_processors/format_types/VST3_SDK",
					"$(SRCROOT)/../../JuceLibraryCode",
					"/Users/land00m/Documents/GitHub/JUCE/modules",
					"/Users/land00m/Documents/GitHub/JUCE/modules/juce_audio_plugin_client",
					"$(inherited)",
				);
				INFOPLIST_FILE = Info-Standalone_Plugin.plist;
				INFOPLIST_PREPROCESS = NO;
				MACOSX_DEPLOYMENT_TARGET = 10.11;
				MTL_HEADER_SEARCH_PATHS = "/Users/land00m/Documents/GitHub/JUCE/modules/juce_audio_processors/format_types/VST3_SDK $(SRCROOT)/../../JuceLibraryCode /Users/land00m/Documents/GitHub/JUCE/modules /Users/land00m/Documents/GitHub/JUCE/modules/juce_audio_plugin_client";
				OTHER_LDFLAGS = "-lCompressor-Advanced";
				PRODUCT_BUNDLE_IDENTIFIER = com.AudioPluginCodersGuild.CompressorAdvanced;
				PRODUCT_NAME = "Compressor-Advanced";
				USE_HEADERMAP = NO;
				VALID_ARCHS = "i386 x86_64 arm64 arm64e";
			};
			name = Debug;
		};
		D764A087BC0F85012386F747 /* Debug */ = {
			isa = XCBuildConfiguration;
			buildSettings = {
				CLANG_CXX_LANGUAGE_STANDARD = "c++14";
				CLANG_CXX_LIBRARY = "libc++";
				CLANG_LINK_OBJC_RUNTIME = NO;
				CODE_SIGN_IDENTITY = "";
				COMBINE_HIDPI_IMAGES = YES;
				CONFIGURATION_BUILD_DIR = "$(PROJECT_DIR)/build/$(CONFIGURATION)";
				COPY_PHASE_STRIP = NO;
				DEPLOYMENT_LOCATION = YES;
				DSTROOT = /;
				EXCLUDED_ARCHS = "";
				GCC_DYNAMIC_NO_PIC = NO;
				GCC_OPTIMIZATION_LEVEL = 0;
				GCC_PREPROCESSOR_DEFINITIONS = (
					"_DEBUG=1",
					"DEBUG=1",
					"JUCE_DISPLAY_SPLASH_SCREEN=0",
					"JUCE_USE_DARK_SPLASH_SCREEN=1",
					"JUCE_PROJUCER_VERSION=0x70000",
					"JUCE_MODULE_AVAILABLE_juce_audio_basics=1",
					"JUCE_MODULE_AVAILABLE_juce_audio_devices=1",
					"JUCE_MODULE_AVAILABLE_juce_audio_formats=1",
					"JUCE_MODULE_AVAILABLE_juce_audio_plugin_client=1",
					"JUCE_MODULE_AVAILABLE_juce_audio_processors=1",
					"JUCE_MODULE_AVAILABLE_juce_audio_utils=1",
					"JUCE_MODULE_AVAILABLE_juce_core=1",
					"JUCE_MODULE_AVAILABLE_juce_data_structures=1",
					"JUCE_MODULE_AVAILABLE_juce_dsp=1",
					"JUCE_MODULE_AVAILABLE_juce_events=1",
					"JUCE_MODULE_AVAILABLE_juce_graphics=1",
					"JUCE_MODULE_AVAILABLE_juce_gui_basics=1",
					"JUCE_MODULE_AVAILABLE_juce_gui_extra=1",
					"JUCE_GLOBAL_MODULE_SETTINGS_INCLUDED=1",
					"JUCE_VST3_CAN_REPLACE_VST2=0",
					"JUCE_STRICT_REFCOUNTEDPOINTER=1",
					"JucePlugin_Build_VST=0",
					"JucePlugin_Build_VST3=0",
					"JucePlugin_Build_AU=1",
					"JucePlugin_Build_AUv3=0",
					"JucePlugin_Build_AAX=0",
					"JucePlugin_Build_Standalone=0",
					"JucePlugin_Build_Unity=0",
					"JucePlugin_Build_LV2=0",
					"JucePlugin_Enable_IAA=0",
					"JucePlugin_Enable_ARA=0",
					"JucePlugin_Name=\\\"Compressor-Advanced\\\"",
					"JucePlugin_Desc=\\\"Compressor-Advanced\\\"",
					"JucePlugin_Manufacturer=\\\"Audio\\ Plugin\\ Coders\\ Guild\\\"",
					"JucePlugin_ManufacturerWebsite=\\\"www.AudioPluginCodersGuild.com\\\"",
					"JucePlugin_ManufacturerEmail=\\\"\\\"",
					"JucePlugin_ManufacturerCode=0x4d616e75",
					"JucePlugin_PluginCode=0x566a7269",
					"JucePlugin_IsSynth=0",
					"JucePlugin_WantsMidiInput=0",
					"JucePlugin_ProducesMidiOutput=0",
					"JucePlugin_IsMidiEffect=0",
					"JucePlugin_EditorRequiresKeyboardFocus=0",
					"JucePlugin_Version=1.0.0",
					"JucePlugin_VersionCode=0x10000",
					"JucePlugin_VersionString=\\\"1.0.0\\\"",
					"JucePlugin_VSTUniqueID=JucePlugin_PluginCode",
					"JucePlugin_VSTCategory=kPlugCategEffect",
					"JucePlugin_Vst3Category=\\\"Fx\\\"",
					"JucePlugin_AUMainType=\\'aufx\\'",
					"JucePlugin_AUSubType=JucePlugin_PluginCode",
					"JucePlugin_AUExportPrefix=CompressorAdvancedAU",
					"JucePlugin_AUExportPrefixQuoted=\\\"CompressorAdvancedAU\\\"",
					"JucePlugin_AUManufacturerCode=JucePlugin_ManufacturerCode",
					"JucePlugin_CFBundleIdentifier=com.AudioPluginCodersGuild.CompressorAdvanced",
					"JucePlugin_AAXIdentifier=com.AudioPluginCodersGuild.CompressorAdvanced",
					"JucePlugin_AAXManufacturerCode=JucePlugin_ManufacturerCode",
					"JucePlugin_AAXProductId=JucePlugin_PluginCode",
					"JucePlugin_AAXCategory=0",
					"JucePlugin_AAXDisableBypass=0",
					"JucePlugin_AAXDisableMultiMono=0",
					"JucePlugin_IAAType=0x61757278",
					"JucePlugin_IAASubType=JucePlugin_PluginCode",
					"JucePlugin_IAAName=\\\"Audio\\ Plugin\\ Coders\\ Guild:\\ Compressor-Advanced\\\"",
					"JucePlugin_VSTNumMidiInputs=16",
					"JucePlugin_VSTNumMidiOutputs=16",
					"JucePlugin_ARAContentTypes=0",
					"JucePlugin_ARATransformationFlags=0",
					"JucePlugin_ARAFactoryID=\\\"com.AudioPluginCodersGuild.CompressorAdvanced.factory\\\"",
					"JucePlugin_ARADocumentArchiveID=\\\"com.AudioPluginCodersGuild.CompressorAdvanced.aradocumentarchive.1.0.0\\\"",
					"JucePlugin_ARACompatibleArchiveIDs=\\\"\\\"",
					"JUCE_STANDALONE_APPLICATION=JucePlugin_Build_Standalone",
					"JUCER_XCODE_MAC_F6D2F4CF=1",
					"JUCE_APP_VERSION=1.0.0",
					"JUCE_APP_VERSION_HEX=0x10000",
				);
				GCC_VERSION = com.apple.compilers.llvm.clang.1_0;
				GENERATE_PKGINFO_FILE = YES;
				HEADER_SEARCH_PATHS = (
					"/Users/land00m/Documents/GitHub/JUCE/modules/juce_audio_processors/format_types/VST3_SDK",
					"$(SRCROOT)/../../JuceLibraryCode",
					"/Users/land00m/Documents/GitHub/JUCE/modules",
					"/Users/land00m/Documents/GitHub/JUCE/modules/juce_audio_plugin_client",
					"$(inherited)",
				);
				INFOPLIST_FILE = Info-AU.plist;
				INFOPLIST_PREPROCESS = NO;
				INSTALL_PATH = "$(HOME)/Library/Audio/Plug-Ins/Components/";
				LIBRARY_STYLE = Bundle;
				MACOSX_DEPLOYMENT_TARGET = 10.11;
				MTL_HEADER_SEARCH_PATHS = "/Users/land00m/Documents/GitHub/JUCE/modules/juce_audio_processors/format_types/VST3_SDK $(SRCROOT)/../../JuceLibraryCode /Users/land00m/Documents/GitHub/JUCE/modules /Users/land00m/Documents/GitHub/JUCE/modules/juce_audio_plugin_client";
				OTHER_LDFLAGS = "-bundle -lCompressor-Advanced";
				OTHER_REZFLAGS = "-d ppc_$ppc -d i386_$i386 -d ppc64_$ppc64 -d x86_64_$x86_64 -d arm64_$arm64 -I /System/Library/Frameworks/CoreServices.framework/Frameworks/CarbonCore.framework/Versions/A/Headers -I \"$(DEVELOPER_DIR)/Extras/CoreAudio/AudioUnits/AUPublic/AUBase\" -I \"$(DEVELOPER_DIR)/Platforms/MacOSX.platform/Developer/SDKs/MacOSX.sdk/System/Library/Frameworks/AudioUnit.framework/Headers\"";
				PRODUCT_BUNDLE_IDENTIFIER = com.AudioPluginCodersGuild.CompressorAdvanced;
				PRODUCT_NAME = "Compressor-Advanced";
				USE_HEADERMAP = NO;
				VALID_ARCHS = "i386 x86_64 arm64 arm64e";
				WRAPPER_EXTENSION = component;
			};
			name = Debug;
		};
		E7DC844CBB98DF5AA8A94BB5 /* Release */ = {
			isa = XCBuildConfiguration;
			buildSettings = {
				CLANG_CXX_LANGUAGE_STANDARD = "c++14";
				CLANG_CXX_LIBRARY = "libc++";
				CLANG_LINK_OBJC_RUNTIME = NO;
				CODE_SIGN_IDENTITY = "";
				COMBINE_HIDPI_IMAGES = YES;
				CONFIGURATION_BUILD_DIR = "$(PROJECT_DIR)/build/$(CONFIGURATION)";
				DEAD_CODE_STRIPPING = YES;
				DEPLOYMENT_LOCATION = YES;
				DSTROOT = /;
				EXCLUDED_ARCHS = "";
				GCC_GENERATE_DEBUGGING_SYMBOLS = NO;
				GCC_OPTIMIZATION_LEVEL = 3;
				GCC_PREPROCESSOR_DEFINITIONS = (
					"_NDEBUG=1",
					"NDEBUG=1",
					"JUCE_DISPLAY_SPLASH_SCREEN=0",
					"JUCE_USE_DARK_SPLASH_SCREEN=1",
					"JUCE_PROJUCER_VERSION=0x70000",
					"JUCE_MODULE_AVAILABLE_juce_audio_basics=1",
					"JUCE_MODULE_AVAILABLE_juce_audio_devices=1",
					"JUCE_MODULE_AVAILABLE_juce_audio_formats=1",
					"JUCE_MODULE_AVAILABLE_juce_audio_plugin_client=1",
					"JUCE_MODULE_AVAILABLE_juce_audio_processors=1",
					"JUCE_MODULE_AVAILABLE_juce_audio_utils=1",
					"JUCE_MODULE_AVAILABLE_juce_core=1",
					"JUCE_MODULE_AVAILABLE_juce_data_structures=1",
					"JUCE_MODULE_AVAILABLE_juce_dsp=1",
					"JUCE_MODULE_AVAILABLE_juce_events=1",
					"JUCE_MODULE_AVAILABLE_juce_graphics=1",
					"JUCE_MODULE_AVAILABLE_juce_gui_basics=1",
					"JUCE_MODULE_AVAILABLE_juce_gui_extra=1",
					"JUCE_GLOBAL_MODULE_SETTINGS_INCLUDED=1",
					"JUCE_VST3_CAN_REPLACE_VST2=0",
					"JUCE_STRICT_REFCOUNTEDPOINTER=1",
					"JucePlugin_Build_VST=0",
					"JucePlugin_Build_VST3=1",
					"JucePlugin_Build_AU=0",
					"JucePlugin_Build_AUv3=0",
					"JucePlugin_Build_AAX=0",
					"JucePlugin_Build_Standalone=0",
					"JucePlugin_Build_Unity=0",
					"JucePlugin_Build_LV2=0",
					"JucePlugin_Enable_IAA=0",
					"JucePlugin_Enable_ARA=0",
					"JucePlugin_Name=\\\"Compressor-Advanced\\\"",
					"JucePlugin_Desc=\\\"Compressor-Advanced\\\"",
					"JucePlugin_Manufacturer=\\\"Audio\\ Plugin\\ Coders\\ Guild\\\"",
					"JucePlugin_ManufacturerWebsite=\\\"www.AudioPluginCodersGuild.com\\\"",
					"JucePlugin_ManufacturerEmail=\\\"\\\"",
					"JucePlugin_ManufacturerCode=0x4d616e75",
					"JucePlugin_PluginCode=0x566a7269",
					"JucePlugin_IsSynth=0",
					"JucePlugin_WantsMidiInput=0",
					"JucePlugin_ProducesMidiOutput=0",
					"JucePlugin_IsMidiEffect=0",
					"JucePlugin_EditorRequiresKeyboardFocus=0",
					"JucePlugin_Version=1.0.0",
					"JucePlugin_VersionCode=0x10000",
					"JucePlugin_VersionString=\\\"1.0.0\\\"",
					"JucePlugin_VSTUniqueID=JucePlugin_PluginCode",
					"JucePlugin_VSTCategory=kPlugCategEffect",
					"JucePlugin_Vst3Category=\\\"Fx\\\"",
					"JucePlugin_AUMainType=\\'aufx\\'",
					"JucePlugin_AUSubType=JucePlugin_PluginCode",
					"JucePlugin_AUExportPrefix=CompressorAdvancedAU",
					"JucePlugin_AUExportPrefixQuoted=\\\"CompressorAdvancedAU\\\"",
					"JucePlugin_AUManufacturerCode=JucePlugin_ManufacturerCode",
					"JucePlugin_CFBundleIdentifier=com.AudioPluginCodersGuild.CompressorAdvanced",
					"JucePlugin_AAXIdentifier=com.AudioPluginCodersGuild.CompressorAdvanced",
					"JucePlugin_AAXManufacturerCode=JucePlugin_ManufacturerCode",
					"JucePlugin_AAXProductId=JucePlugin_PluginCode",
					"JucePlugin_AAXCategory=0",
					"JucePlugin_AAXDisableBypass=0",
					"JucePlugin_AAXDisableMultiMono=0",
					"JucePlugin_IAAType=0x61757278",
					"JucePlugin_IAASubType=JucePlugin_PluginCode",
					"JucePlugin_IAAName=\\\"Audio\\ Plugin\\ Coders\\ Guild:\\ Compressor-Advanced\\\"",
					"JucePlugin_VSTNumMidiInputs=16",
					"JucePlugin_VSTNumMidiOutputs=16",
					"JucePlugin_ARAContentTypes=0",
					"JucePlugin_ARATransformationFlags=0",
					"JucePlugin_ARAFactoryID=\\\"com.AudioPluginCodersGuild.CompressorAdvanced.factory\\\"",
					"JucePlugin_ARADocumentArchiveID=\\\"com.AudioPluginCodersGuild.CompressorAdvanced.aradocumentarchive.1.0.0\\\"",
					"JucePlugin_ARACompatibleArchiveIDs=\\\"\\\"",
					"JUCE_STANDALONE_APPLICATION=JucePlugin_Build_Standalone",
					"JUCER_XCODE_MAC_F6D2F4CF=1",
					"JUCE_APP_VERSION=1.0.0",
					"JUCE_APP_VERSION_HEX=0x10000",
				);
				GCC_VERSION = com.apple.compilers.llvm.clang.1_0;
				GENERATE_PKGINFO_FILE = YES;
				HEADER_SEARCH_PATHS = (
					"/Users/land00m/Documents/GitHub/JUCE/modules/juce_audio_processors/format_types/VST3_SDK",
					"$(SRCROOT)/../../JuceLibraryCode",
					"/Users/land00m/Documents/GitHub/JUCE/modules",
					"/Users/land00m/Documents/GitHub/JUCE/modules/juce_audio_plugin_client",
					"$(inherited)",
				);
				INFOPLIST_FILE = Info-VST3.plist;
				INFOPLIST_PREPROCESS = NO;
				INSTALL_PATH = "$(HOME)/Library/Audio/Plug-Ins/VST3/";
				LIBRARY_STYLE = Bundle;
				LLVM_LTO = YES;
				MACOSX_DEPLOYMENT_TARGET = 10.11;
				MTL_HEADER_SEARCH_PATHS = "/Users/land00m/Documents/GitHub/JUCE/modules/juce_audio_processors/format_types/VST3_SDK $(SRCROOT)/../../JuceLibraryCode /Users/land00m/Documents/GitHub/JUCE/modules /Users/land00m/Documents/GitHub/JUCE/modules/juce_audio_plugin_client";
				OTHER_LDFLAGS = "-bundle -lCompressor-Advanced";
				PRODUCT_BUNDLE_IDENTIFIER = com.AudioPluginCodersGuild.CompressorAdvanced;
				PRODUCT_NAME = "Compressor-Advanced";
				USE_HEADERMAP = NO;
				VALID_ARCHS = "i386 x86_64 arm64 arm64e";
				WRAPPER_EXTENSION = vst3;
			};
			name = Release;
		};
/* End XCBuildConfiguration section */

/* Begin XCConfigurationList section */
		251AB599D73D91A6DCC5BD22 = {
			isa = XCConfigurationList;
			buildConfigurations = (
				2B9E11E88B045F5AB258C9AB,
				E7DC844CBB98DF5AA8A94BB5,
			);
			defaultConfigurationIsVisible = 0;
			defaultConfigurationName = Debug;
		};
		3F3C52F1F29CDA54A6E958ED = {
			isa = XCConfigurationList;
			buildConfigurations = (
				B9C4BC44AECD3F05ED045877,
				47CE0FEC4E9E21FCED339E31,
			);
			defaultConfigurationIsVisible = 0;
			defaultConfigurationName = Debug;
		};
		C689AF7B19E9832B94477AE1 = {
			isa = XCConfigurationList;
			buildConfigurations = (
				D764A087BC0F85012386F747,
				817E9CA793D761CA6673E84E,
			);
			defaultConfigurationIsVisible = 0;
			defaultConfigurationName = Debug;
		};
		C9BEC06E1E8F7026F868AE6A = {
			isa = XCConfigurationList;
			buildConfigurations = (
				06B45B25B8A67B67D78A424A,
				A15DA4AE221AA5E8A0B675D7,
			);
			defaultConfigurationIsVisible = 0;
			defaultConfigurationName = Debug;
		};
		DE2AA00D696CB13FDEB415C2 = {
			isa = XCConfigurationList;
			buildConfigurations = (
				3503F9C19E017E36F0924BF9,
				A0AE441183E0CC72431F2BEC,
			);
			defaultConfigurationIsVisible = 0;
			defaultConfigurationName = Debug;
		};
		F19174D55C07AE0A6A9FEAC4 = {
			isa = XCConfigurationList;
			buildConfigurations = (
				5A83024FB54175965B5D8240,
				3AD9AF4087492DBDF529FD4F,
			);
			defaultConfigurationIsVisible = 0;
			defaultConfigurationName = Debug;
		};
/* End XCConfigurationList section */
	};
	rootObject = 34E95F174F61E88DB79F16BC /* Project object */;
}
